
Microsoft Visual Studio Solution File, Format Version 12.00
# Visual Studio 15
VisualStudioVersion = 15.0.26430.15
MinimumVisualStudioVersion = 10.0.40219.1
Project("{FAE04EC0-301F-11D3-BF4B-00C04F79EFBC}") = "LearningC-SharpForBeginners", "LearningC-SharpForBeginners\LearningC-SharpForBeginners.csproj", "{2D4BD1A2-B4BC-4CA1-AE45-577ED69A5A29}"
EndProject
Project("{FAE04EC0-301F-11D3-BF4B-00C04F79EFBC}") = "Chap3Part1", "Chap3Part1\Chap3Part1.csproj", "{7C424144-9344-41D2-A083-FC51D2BCEB4A}"
EndProject
Project("{FAE04EC0-301F-11D3-BF4B-00C04F79EFBC}") = "Chap3Part3", "Chap3Part3\Chap3Part3.csproj", "{4918B636-8B6C-443D-B4BD-BB45CD92FF53}"
EndProject
Project("{FAE04EC0-301F-11D3-BF4B-00C04F79EFBC}") = "Chap4Part7", "Chap4Part7\Chap4Part7.csproj", "{AEBC002A-92B1-40F1-87BC-84819E6EFF13}"
EndProject
Project("{FAE04EC0-301F-11D3-BF4B-00C04F79EFBC}") = "Chap5Part2", "Chap5Part2\Chap5Part2.csproj", "{C2ABDAEA-40CD-463E-9891-C6E898DC83CC}"
EndProject
Project("{FAE04EC0-301F-11D3-BF4B-00C04F79EFBC}") = "Chap5Part7", "Chap5Part7\Chap5Part7.csproj", "{5DB59B4C-59D3-4C3B-990C-5E9D4D613030}"
EndProject
Project("{FAE04EC0-301F-11D3-BF4B-00C04F79EFBC}") = "Chap5Part8", "Chap5Part8\Chap5Part8.csproj", "{A5117585-57D4-4B09-9F80-5C266CFE4108}"
EndProject
Project("{FAE04EC0-301F-11D3-BF4B-00C04F79EFBC}") = "Chap6Part1", "Chap6Part1\Chap6Part1.csproj", "{5654D56A-19A9-4B33-BCA0-D723B5BAD59A}"
EndProject
Project("{FAE04EC0-301F-11D3-BF4B-00C04F79EFBC}") = "Chap6Part5", "Chap6Part5\Chap6Part5.csproj", "{05897280-E11A-4CF5-A0FF-43FBD94CE2DA}"
EndProject
Project("{FAE04EC0-301F-11D3-BF4B-00C04F79EFBC}") = "Chap6Part7", "Chap6Part7\Chap6Part7.csproj", "{5B5660F8-F315-4B1F-AFFE-8BDBDA96293C}"
EndProject
Project("{2150E333-8FDC-42A3-9474-1A3956D46DE8}") = "Section3 Your First C Sharp Program", "Section3 Your First C Sharp Program", "{158E0F4F-D7FB-4FCC-8DB5-DF600352A0BA}"
EndProject
Project("{2150E333-8FDC-42A3-9474-1A3956D46DE8}") = "Section4 C Sharp Building Blocks - Data Types and Variables", "Section4 C Sharp Building Blocks - Data Types and Variables", "{7760E916-4AAF-4B59-9BC5-16427EF190CC}"
EndProject
Project("{2150E333-8FDC-42A3-9474-1A3956D46DE8}") = "Section5 Introduction To Classes And Objects", "Section5 Introduction To Classes And Objects", "{767278C6-EF6A-4E21-9538-F432421140E3}"
EndProject
Project("{2150E333-8FDC-42A3-9474-1A3956D46DE8}") = "Section6 Arithmetic Operators And Expressions", "Section6 Arithmetic Operators And Expressions", "{862FDAA8-1225-4CA0-AA2D-C8AB1E4DE42A}"
EndProject
Project("{2150E333-8FDC-42A3-9474-1A3956D46DE8}") = "Section7 Input And Output", "Section7 Input And Output", "{8BBA817C-4D57-4BBB-9779-F13B2A7FFC6C}"
EndProject
Project("{FAE04EC0-301F-11D3-BF4B-00C04F79EFBC}") = "Chap7Part1", "Chap7Part1\Chap7Part1.csproj", "{A314DB45-D4E4-40FF-A011-0519430F2C17}"
EndProject
Project("{FAE04EC0-301F-11D3-BF4B-00C04F79EFBC}") = "Chap7Part3", "Chap7Part3\Chap7Part3.csproj", "{2A4D53F1-9A34-4C9C-9CAF-D93598199111}"
EndProject
Project("{FAE04EC0-301F-11D3-BF4B-00C04F79EFBC}") = "Chap7Part2", "Chap7Part2\Chap7Part2.csproj", "{ACAF25FC-EC17-4712-96A4-97F05EFEA3D4}"
EndProject
Project("{FAE04EC0-301F-11D3-BF4B-00C04F79EFBC}") = "Chap7Part4", "Chap7Part4\Chap7Part4.csproj", "{D7F24398-C494-43A7-AE3C-93D7D62B4AEA}"
EndProject
Project("{2150E333-8FDC-42A3-9474-1A3956D46DE8}") = "Section8 Making Decisions", "Section8 Making Decisions", "{A5FDEB47-3566-48EE-841F-9CE29E9C3AD7}"
EndProject
Project("{FAE04EC0-301F-11D3-BF4B-00C04F79EFBC}") = "Chap8Part2", "Chap8Part2\Chap8Part2.csproj", "{D27534E0-1651-4D46-B600-066ED5972F2C}"
EndProject
Project("{FAE04EC0-301F-11D3-BF4B-00C04F79EFBC}") = "Chap8Part3", "Chap8Part3\Chap8Part3.csproj", "{94E6EF01-19C0-4A5C-AEC4-5325C675F3CF}"
EndProject
Project("{FAE04EC0-301F-11D3-BF4B-00C04F79EFBC}") = "Chap8Part4", "Chap8Part4\Chap8Part4.csproj", "{EC58D216-ECCB-42E5-96B2-0AF91A625EEA}"
EndProject
Project("{FAE04EC0-301F-11D3-BF4B-00C04F79EFBC}") = "Chap8Part5", "Chap8Part5\Chap8Part5.csproj", "{438759A2-1504-4DF9-BDEA-9E5F704051D8}"
EndProject
Project("{FAE04EC0-301F-11D3-BF4B-00C04F79EFBC}") = "Chap8Part6", "Chap8Part6\Chap8Part6.csproj", "{588B6C3F-04D4-4E43-A1D6-98ECE0D04BB5}"
EndProject
Project("{FAE04EC0-301F-11D3-BF4B-00C04F79EFBC}") = "Chap8Part7", "Chap8Part7\Chap8Part7.csproj", "{156EB29D-58C4-4BEA-8A76-B3B66CEB6339}"
EndProject
Project("{FAE04EC0-301F-11D3-BF4B-00C04F79EFBC}") = "Chap8Part8", "Chap8Part8\Chap8Part8.csproj", "{F105B71B-D271-4163-9F1E-E2F741EBD880}"
EndProject
Project("{FAE04EC0-301F-11D3-BF4B-00C04F79EFBC}") = "Chap8Part9", "Chap8Part9\Chap8Part9.csproj", "{C55EAFD7-7D8C-49C6-B71A-2133901FE31D}"
EndProject
Project("{2150E333-8FDC-42A3-9474-1A3956D46DE8}") = "Section9 Performing Repetition", "Section9 Performing Repetition", "{13E51794-089E-4008-A49C-55A93BC29F8A}"
EndProject
Project("{FAE04EC0-301F-11D3-BF4B-00C04F79EFBC}") = "Chap4Part4", "Chap4Part4\Chap4Part4.csproj", "{6CC13A4E-51D9-4618-999A-934CBE60BBF0}"
EndProject
Project("{FAE04EC0-301F-11D3-BF4B-00C04F79EFBC}") = "Chap4Part5", "Chap4Part5\Chap4Part5.csproj", "{DB9220E3-EB4D-4963-81E6-EDD0006933A2}"
EndProject
Project("{FAE04EC0-301F-11D3-BF4B-00C04F79EFBC}") = "Chap5Part3", "Chap5Part3\Chap5Part3.csproj", "{6BD77048-8FD9-44B4-A7F3-9EE609944F45}"
EndProject
Project("{FAE04EC0-301F-11D3-BF4B-00C04F79EFBC}") = "Chap5Part4", "Chap5Part4\Chap5Part4.csproj", "{C2ECA5DF-B388-4B6F-9A0A-EC89D879810C}"
EndProject
Project("{FAE04EC0-301F-11D3-BF4B-00C04F79EFBC}") = "Chap5Part5", "Chap5Part5\Chap5Part5.csproj", "{773F268A-AA47-4051-84F0-0062DFCE7B0F}"
EndProject
Project("{FAE04EC0-301F-11D3-BF4B-00C04F79EFBC}") = "Chap5Part6", "Chap5Part6\Chap5Part6.csproj", "{F3AD522A-7106-4C92-B45C-DE8C60414C79}"
EndProject
Project("{FAE04EC0-301F-11D3-BF4B-00C04F79EFBC}") = "Chap6Part2", "Chap6Part2\Chap6Part2.csproj", "{5EFA3FF1-2036-49F2-8CE6-42C558E2A954}"
EndProject
Project("{FAE04EC0-301F-11D3-BF4B-00C04F79EFBC}") = "Chap6Part3", "Chap6Part3\Chap6Part3.csproj", "{DCA8582F-7BD8-4907-B309-6475EF9B4258}"
EndProject
Project("{FAE04EC0-301F-11D3-BF4B-00C04F79EFBC}") = "Chap6Part4", "Chap6Part4\Chap6Part4.csproj", "{62685969-05FE-4AE2-B57E-590000BC8253}"
EndProject
Project("{FAE04EC0-301F-11D3-BF4B-00C04F79EFBC}") = "Chap6Part6", "Chap6Part6\Chap6Part6.csproj", "{2C6AE9F9-C4F1-40F1-911C-54FEF3E1B1ED}"
EndProject
Global
	GlobalSection(SolutionConfigurationPlatforms) = preSolution
		Debug|Any CPU = Debug|Any CPU
		Release|Any CPU = Release|Any CPU
	EndGlobalSection
	GlobalSection(ProjectConfigurationPlatforms) = postSolution
		{2D4BD1A2-B4BC-4CA1-AE45-577ED69A5A29}.Debug|Any CPU.ActiveCfg = Debug|Any CPU
		{2D4BD1A2-B4BC-4CA1-AE45-577ED69A5A29}.Debug|Any CPU.Build.0 = Debug|Any CPU
		{2D4BD1A2-B4BC-4CA1-AE45-577ED69A5A29}.Release|Any CPU.ActiveCfg = Release|Any CPU
		{2D4BD1A2-B4BC-4CA1-AE45-577ED69A5A29}.Release|Any CPU.Build.0 = Release|Any CPU
		{7C424144-9344-41D2-A083-FC51D2BCEB4A}.Debug|Any CPU.ActiveCfg = Debug|Any CPU
		{7C424144-9344-41D2-A083-FC51D2BCEB4A}.Debug|Any CPU.Build.0 = Debug|Any CPU
		{7C424144-9344-41D2-A083-FC51D2BCEB4A}.Release|Any CPU.ActiveCfg = Release|Any CPU
		{7C424144-9344-41D2-A083-FC51D2BCEB4A}.Release|Any CPU.Build.0 = Release|Any CPU
		{4918B636-8B6C-443D-B4BD-BB45CD92FF53}.Debug|Any CPU.ActiveCfg = Debug|Any CPU
		{4918B636-8B6C-443D-B4BD-BB45CD92FF53}.Debug|Any CPU.Build.0 = Debug|Any CPU
		{4918B636-8B6C-443D-B4BD-BB45CD92FF53}.Release|Any CPU.ActiveCfg = Release|Any CPU
		{4918B636-8B6C-443D-B4BD-BB45CD92FF53}.Release|Any CPU.Build.0 = Release|Any CPU
		{AEBC002A-92B1-40F1-87BC-84819E6EFF13}.Debug|Any CPU.ActiveCfg = Debug|Any CPU
		{AEBC002A-92B1-40F1-87BC-84819E6EFF13}.Debug|Any CPU.Build.0 = Debug|Any CPU
		{AEBC002A-92B1-40F1-87BC-84819E6EFF13}.Release|Any CPU.ActiveCfg = Release|Any CPU
		{AEBC002A-92B1-40F1-87BC-84819E6EFF13}.Release|Any CPU.Build.0 = Release|Any CPU
		{C2ABDAEA-40CD-463E-9891-C6E898DC83CC}.Debug|Any CPU.ActiveCfg = Debug|Any CPU
		{C2ABDAEA-40CD-463E-9891-C6E898DC83CC}.Debug|Any CPU.Build.0 = Debug|Any CPU
		{C2ABDAEA-40CD-463E-9891-C6E898DC83CC}.Release|Any CPU.ActiveCfg = Release|Any CPU
		{C2ABDAEA-40CD-463E-9891-C6E898DC83CC}.Release|Any CPU.Build.0 = Release|Any CPU
		{5DB59B4C-59D3-4C3B-990C-5E9D4D613030}.Debug|Any CPU.ActiveCfg = Debug|Any CPU
		{5DB59B4C-59D3-4C3B-990C-5E9D4D613030}.Debug|Any CPU.Build.0 = Debug|Any CPU
		{5DB59B4C-59D3-4C3B-990C-5E9D4D613030}.Release|Any CPU.ActiveCfg = Release|Any CPU
		{5DB59B4C-59D3-4C3B-990C-5E9D4D613030}.Release|Any CPU.Build.0 = Release|Any CPU
		{A5117585-57D4-4B09-9F80-5C266CFE4108}.Debug|Any CPU.ActiveCfg = Debug|Any CPU
		{A5117585-57D4-4B09-9F80-5C266CFE4108}.Debug|Any CPU.Build.0 = Debug|Any CPU
		{A5117585-57D4-4B09-9F80-5C266CFE4108}.Release|Any CPU.ActiveCfg = Release|Any CPU
		{A5117585-57D4-4B09-9F80-5C266CFE4108}.Release|Any CPU.Build.0 = Release|Any CPU
		{5654D56A-19A9-4B33-BCA0-D723B5BAD59A}.Debug|Any CPU.ActiveCfg = Debug|Any CPU
		{5654D56A-19A9-4B33-BCA0-D723B5BAD59A}.Debug|Any CPU.Build.0 = Debug|Any CPU
		{5654D56A-19A9-4B33-BCA0-D723B5BAD59A}.Release|Any CPU.ActiveCfg = Release|Any CPU
		{5654D56A-19A9-4B33-BCA0-D723B5BAD59A}.Release|Any CPU.Build.0 = Release|Any CPU
		{05897280-E11A-4CF5-A0FF-43FBD94CE2DA}.Debug|Any CPU.ActiveCfg = Debug|Any CPU
		{05897280-E11A-4CF5-A0FF-43FBD94CE2DA}.Debug|Any CPU.Build.0 = Debug|Any CPU
		{05897280-E11A-4CF5-A0FF-43FBD94CE2DA}.Release|Any CPU.ActiveCfg = Release|Any CPU
		{05897280-E11A-4CF5-A0FF-43FBD94CE2DA}.Release|Any CPU.Build.0 = Release|Any CPU
		{5B5660F8-F315-4B1F-AFFE-8BDBDA96293C}.Debug|Any CPU.ActiveCfg = Debug|Any CPU
		{5B5660F8-F315-4B1F-AFFE-8BDBDA96293C}.Debug|Any CPU.Build.0 = Debug|Any CPU
		{5B5660F8-F315-4B1F-AFFE-8BDBDA96293C}.Release|Any CPU.ActiveCfg = Release|Any CPU
		{5B5660F8-F315-4B1F-AFFE-8BDBDA96293C}.Release|Any CPU.Build.0 = Release|Any CPU
		{A314DB45-D4E4-40FF-A011-0519430F2C17}.Debug|Any CPU.ActiveCfg = Debug|Any CPU
		{A314DB45-D4E4-40FF-A011-0519430F2C17}.Debug|Any CPU.Build.0 = Debug|Any CPU
		{A314DB45-D4E4-40FF-A011-0519430F2C17}.Release|Any CPU.ActiveCfg = Release|Any CPU
		{A314DB45-D4E4-40FF-A011-0519430F2C17}.Release|Any CPU.Build.0 = Release|Any CPU
		{2A4D53F1-9A34-4C9C-9CAF-D93598199111}.Debug|Any CPU.ActiveCfg = Debug|Any CPU
		{2A4D53F1-9A34-4C9C-9CAF-D93598199111}.Debug|Any CPU.Build.0 = Debug|Any CPU
		{2A4D53F1-9A34-4C9C-9CAF-D93598199111}.Release|Any CPU.ActiveCfg = Release|Any CPU
		{2A4D53F1-9A34-4C9C-9CAF-D93598199111}.Release|Any CPU.Build.0 = Release|Any CPU
		{ACAF25FC-EC17-4712-96A4-97F05EFEA3D4}.Debug|Any CPU.ActiveCfg = Debug|Any CPU
		{ACAF25FC-EC17-4712-96A4-97F05EFEA3D4}.Debug|Any CPU.Build.0 = Debug|Any CPU
		{ACAF25FC-EC17-4712-96A4-97F05EFEA3D4}.Release|Any CPU.ActiveCfg = Release|Any CPU
		{ACAF25FC-EC17-4712-96A4-97F05EFEA3D4}.Release|Any CPU.Build.0 = Release|Any CPU
		{D7F24398-C494-43A7-AE3C-93D7D62B4AEA}.Debug|Any CPU.ActiveCfg = Debug|Any CPU
		{D7F24398-C494-43A7-AE3C-93D7D62B4AEA}.Debug|Any CPU.Build.0 = Debug|Any CPU
		{D7F24398-C494-43A7-AE3C-93D7D62B4AEA}.Release|Any CPU.ActiveCfg = Release|Any CPU
		{D7F24398-C494-43A7-AE3C-93D7D62B4AEA}.Release|Any CPU.Build.0 = Release|Any CPU
		{D27534E0-1651-4D46-B600-066ED5972F2C}.Debug|Any CPU.ActiveCfg = Debug|Any CPU
		{D27534E0-1651-4D46-B600-066ED5972F2C}.Debug|Any CPU.Build.0 = Debug|Any CPU
		{D27534E0-1651-4D46-B600-066ED5972F2C}.Release|Any CPU.ActiveCfg = Release|Any CPU
		{D27534E0-1651-4D46-B600-066ED5972F2C}.Release|Any CPU.Build.0 = Release|Any CPU
		{94E6EF01-19C0-4A5C-AEC4-5325C675F3CF}.Debug|Any CPU.ActiveCfg = Debug|Any CPU
		{94E6EF01-19C0-4A5C-AEC4-5325C675F3CF}.Debug|Any CPU.Build.0 = Debug|Any CPU
		{94E6EF01-19C0-4A5C-AEC4-5325C675F3CF}.Release|Any CPU.ActiveCfg = Release|Any CPU
		{94E6EF01-19C0-4A5C-AEC4-5325C675F3CF}.Release|Any CPU.Build.0 = Release|Any CPU
		{EC58D216-ECCB-42E5-96B2-0AF91A625EEA}.Debug|Any CPU.ActiveCfg = Debug|Any CPU
		{EC58D216-ECCB-42E5-96B2-0AF91A625EEA}.Debug|Any CPU.Build.0 = Debug|Any CPU
		{EC58D216-ECCB-42E5-96B2-0AF91A625EEA}.Release|Any CPU.ActiveCfg = Release|Any CPU
		{EC58D216-ECCB-42E5-96B2-0AF91A625EEA}.Release|Any CPU.Build.0 = Release|Any CPU
		{438759A2-1504-4DF9-BDEA-9E5F704051D8}.Debug|Any CPU.ActiveCfg = Debug|Any CPU
		{438759A2-1504-4DF9-BDEA-9E5F704051D8}.Debug|Any CPU.Build.0 = Debug|Any CPU
		{438759A2-1504-4DF9-BDEA-9E5F704051D8}.Release|Any CPU.ActiveCfg = Release|Any CPU
		{438759A2-1504-4DF9-BDEA-9E5F704051D8}.Release|Any CPU.Build.0 = Release|Any CPU
		{588B6C3F-04D4-4E43-A1D6-98ECE0D04BB5}.Debug|Any CPU.ActiveCfg = Debug|Any CPU
		{588B6C3F-04D4-4E43-A1D6-98ECE0D04BB5}.Debug|Any CPU.Build.0 = Debug|Any CPU
		{588B6C3F-04D4-4E43-A1D6-98ECE0D04BB5}.Release|Any CPU.ActiveCfg = Release|Any CPU
		{588B6C3F-04D4-4E43-A1D6-98ECE0D04BB5}.Release|Any CPU.Build.0 = Release|Any CPU
		{156EB29D-58C4-4BEA-8A76-B3B66CEB6339}.Debug|Any CPU.ActiveCfg = Debug|Any CPU
		{156EB29D-58C4-4BEA-8A76-B3B66CEB6339}.Debug|Any CPU.Build.0 = Debug|Any CPU
		{156EB29D-58C4-4BEA-8A76-B3B66CEB6339}.Release|Any CPU.ActiveCfg = Release|Any CPU
		{156EB29D-58C4-4BEA-8A76-B3B66CEB6339}.Release|Any CPU.Build.0 = Release|Any CPU
		{F105B71B-D271-4163-9F1E-E2F741EBD880}.Debug|Any CPU.ActiveCfg = Debug|Any CPU
		{F105B71B-D271-4163-9F1E-E2F741EBD880}.Debug|Any CPU.Build.0 = Debug|Any CPU
		{F105B71B-D271-4163-9F1E-E2F741EBD880}.Release|Any CPU.ActiveCfg = Release|Any CPU
		{F105B71B-D271-4163-9F1E-E2F741EBD880}.Release|Any CPU.Build.0 = Release|Any CPU
		{C55EAFD7-7D8C-49C6-B71A-2133901FE31D}.Debug|Any CPU.ActiveCfg = Debug|Any CPU
		{C55EAFD7-7D8C-49C6-B71A-2133901FE31D}.Debug|Any CPU.Build.0 = Debug|Any CPU
		{C55EAFD7-7D8C-49C6-B71A-2133901FE31D}.Release|Any CPU.ActiveCfg = Release|Any CPU
		{C55EAFD7-7D8C-49C6-B71A-2133901FE31D}.Release|Any CPU.Build.0 = Release|Any CPU
		{6CC13A4E-51D9-4618-999A-934CBE60BBF0}.Debug|Any CPU.ActiveCfg = Debug|Any CPU
		{6CC13A4E-51D9-4618-999A-934CBE60BBF0}.Debug|Any CPU.Build.0 = Debug|Any CPU
		{6CC13A4E-51D9-4618-999A-934CBE60BBF0}.Release|Any CPU.ActiveCfg = Release|Any CPU
		{6CC13A4E-51D9-4618-999A-934CBE60BBF0}.Release|Any CPU.Build.0 = Release|Any CPU
		{DB9220E3-EB4D-4963-81E6-EDD0006933A2}.Debug|Any CPU.ActiveCfg = Debug|Any CPU
		{DB9220E3-EB4D-4963-81E6-EDD0006933A2}.Debug|Any CPU.Build.0 = Debug|Any CPU
		{DB9220E3-EB4D-4963-81E6-EDD0006933A2}.Release|Any CPU.ActiveCfg = Release|Any CPU
		{DB9220E3-EB4D-4963-81E6-EDD0006933A2}.Release|Any CPU.Build.0 = Release|Any CPU
		{6BD77048-8FD9-44B4-A7F3-9EE609944F45}.Debug|Any CPU.ActiveCfg = Debug|Any CPU
		{6BD77048-8FD9-44B4-A7F3-9EE609944F45}.Debug|Any CPU.Build.0 = Debug|Any CPU
		{6BD77048-8FD9-44B4-A7F3-9EE609944F45}.Release|Any CPU.ActiveCfg = Release|Any CPU
		{6BD77048-8FD9-44B4-A7F3-9EE609944F45}.Release|Any CPU.Build.0 = Release|Any CPU
		{C2ECA5DF-B388-4B6F-9A0A-EC89D879810C}.Debug|Any CPU.ActiveCfg = Debug|Any CPU
		{C2ECA5DF-B388-4B6F-9A0A-EC89D879810C}.Debug|Any CPU.Build.0 = Debug|Any CPU
		{C2ECA5DF-B388-4B6F-9A0A-EC89D879810C}.Release|Any CPU.ActiveCfg = Release|Any CPU
		{C2ECA5DF-B388-4B6F-9A0A-EC89D879810C}.Release|Any CPU.Build.0 = Release|Any CPU
		{773F268A-AA47-4051-84F0-0062DFCE7B0F}.Debug|Any CPU.ActiveCfg = Debug|Any CPU
		{773F268A-AA47-4051-84F0-0062DFCE7B0F}.Debug|Any CPU.Build.0 = Debug|Any CPU
		{773F268A-AA47-4051-84F0-0062DFCE7B0F}.Release|Any CPU.ActiveCfg = Release|Any CPU
		{773F268A-AA47-4051-84F0-0062DFCE7B0F}.Release|Any CPU.Build.0 = Release|Any CPU
		{F3AD522A-7106-4C92-B45C-DE8C60414C79}.Debug|Any CPU.ActiveCfg = Debug|Any CPU
		{F3AD522A-7106-4C92-B45C-DE8C60414C79}.Debug|Any CPU.Build.0 = Debug|Any CPU
		{F3AD522A-7106-4C92-B45C-DE8C60414C79}.Release|Any CPU.ActiveCfg = Release|Any CPU
		{F3AD522A-7106-4C92-B45C-DE8C60414C79}.Release|Any CPU.Build.0 = Release|Any CPU
		{5EFA3FF1-2036-49F2-8CE6-42C558E2A954}.Debug|Any CPU.ActiveCfg = Debug|Any CPU
		{5EFA3FF1-2036-49F2-8CE6-42C558E2A954}.Debug|Any CPU.Build.0 = Debug|Any CPU
		{5EFA3FF1-2036-49F2-8CE6-42C558E2A954}.Release|Any CPU.ActiveCfg = Release|Any CPU
		{5EFA3FF1-2036-49F2-8CE6-42C558E2A954}.Release|Any CPU.Build.0 = Release|Any CPU
		{DCA8582F-7BD8-4907-B309-6475EF9B4258}.Debug|Any CPU.ActiveCfg = Debug|Any CPU
		{DCA8582F-7BD8-4907-B309-6475EF9B4258}.Debug|Any CPU.Build.0 = Debug|Any CPU
		{DCA8582F-7BD8-4907-B309-6475EF9B4258}.Release|Any CPU.ActiveCfg = Release|Any CPU
		{DCA8582F-7BD8-4907-B309-6475EF9B4258}.Release|Any CPU.Build.0 = Release|Any CPU
		{62685969-05FE-4AE2-B57E-590000BC8253}.Debug|Any CPU.ActiveCfg = Debug|Any CPU
		{62685969-05FE-4AE2-B57E-590000BC8253}.Debug|Any CPU.Build.0 = Debug|Any CPU
		{62685969-05FE-4AE2-B57E-590000BC8253}.Release|Any CPU.ActiveCfg = Release|Any CPU
		{62685969-05FE-4AE2-B57E-590000BC8253}.Release|Any CPU.Build.0 = Release|Any CPU
		{2C6AE9F9-C4F1-40F1-911C-54FEF3E1B1ED}.Debug|Any CPU.ActiveCfg = Debug|Any CPU
		{2C6AE9F9-C4F1-40F1-911C-54FEF3E1B1ED}.Debug|Any CPU.Build.0 = Debug|Any CPU
		{2C6AE9F9-C4F1-40F1-911C-54FEF3E1B1ED}.Release|Any CPU.ActiveCfg = Release|Any CPU
		{2C6AE9F9-C4F1-40F1-911C-54FEF3E1B1ED}.Release|Any CPU.Build.0 = Release|Any CPU
	EndGlobalSection
	GlobalSection(SolutionProperties) = preSolution
		HideSolutionNode = FALSE
	EndGlobalSection
	GlobalSection(NestedProjects) = preSolution
		{7C424144-9344-41D2-A083-FC51D2BCEB4A} = {158E0F4F-D7FB-4FCC-8DB5-DF600352A0BA}
		{4918B636-8B6C-443D-B4BD-BB45CD92FF53} = {158E0F4F-D7FB-4FCC-8DB5-DF600352A0BA}
		{AEBC002A-92B1-40F1-87BC-84819E6EFF13} = {7760E916-4AAF-4B59-9BC5-16427EF190CC}
		{C2ABDAEA-40CD-463E-9891-C6E898DC83CC} = {767278C6-EF6A-4E21-9538-F432421140E3}
		{5DB59B4C-59D3-4C3B-990C-5E9D4D613030} = {767278C6-EF6A-4E21-9538-F432421140E3}
		{A5117585-57D4-4B09-9F80-5C266CFE4108} = {767278C6-EF6A-4E21-9538-F432421140E3}
		{5654D56A-19A9-4B33-BCA0-D723B5BAD59A} = {862FDAA8-1225-4CA0-AA2D-C8AB1E4DE42A}
		{05897280-E11A-4CF5-A0FF-43FBD94CE2DA} = {862FDAA8-1225-4CA0-AA2D-C8AB1E4DE42A}
		{5B5660F8-F315-4B1F-AFFE-8BDBDA96293C} = {862FDAA8-1225-4CA0-AA2D-C8AB1E4DE42A}
		{A314DB45-D4E4-40FF-A011-0519430F2C17} = {8BBA817C-4D57-4BBB-9779-F13B2A7FFC6C}
		{2A4D53F1-9A34-4C9C-9CAF-D93598199111} = {8BBA817C-4D57-4BBB-9779-F13B2A7FFC6C}
		{ACAF25FC-EC17-4712-96A4-97F05EFEA3D4} = {8BBA817C-4D57-4BBB-9779-F13B2A7FFC6C}
		{D7F24398-C494-43A7-AE3C-93D7D62B4AEA} = {8BBA817C-4D57-4BBB-9779-F13B2A7FFC6C}
		{D27534E0-1651-4D46-B600-066ED5972F2C} = {A5FDEB47-3566-48EE-841F-9CE29E9C3AD7}
		{94E6EF01-19C0-4A5C-AEC4-5325C675F3CF} = {A5FDEB47-3566-48EE-841F-9CE29E9C3AD7}
		{EC58D216-ECCB-42E5-96B2-0AF91A625EEA} = {A5FDEB47-3566-48EE-841F-9CE29E9C3AD7}
		{438759A2-1504-4DF9-BDEA-9E5F704051D8} = {A5FDEB47-3566-48EE-841F-9CE29E9C3AD7}
		{588B6C3F-04D4-4E43-A1D6-98ECE0D04BB5} = {A5FDEB47-3566-48EE-841F-9CE29E9C3AD7}
		{156EB29D-58C4-4BEA-8A76-B3B66CEB6339} = {A5FDEB47-3566-48EE-841F-9CE29E9C3AD7}
		{F105B71B-D271-4163-9F1E-E2F741EBD880} = {A5FDEB47-3566-48EE-841F-9CE29E9C3AD7}
		{C55EAFD7-7D8C-49C6-B71A-2133901FE31D} = {A5FDEB47-3566-48EE-841F-9CE29E9C3AD7}
		{6CC13A4E-51D9-4618-999A-934CBE60BBF0} = {7760E916-4AAF-4B59-9BC5-16427EF190CC}
		{DB9220E3-EB4D-4963-81E6-EDD0006933A2} = {7760E916-4AAF-4B59-9BC5-16427EF190CC}
		{6BD77048-8FD9-44B4-A7F3-9EE609944F45} = {767278C6-EF6A-4E21-9538-F432421140E3}
		{C2ECA5DF-B388-4B6F-9A0A-EC89D879810C} = {767278C6-EF6A-4E21-9538-F432421140E3}
		{773F268A-AA47-4051-84F0-0062DFCE7B0F} = {767278C6-EF6A-4E21-9538-F432421140E3}
		{F3AD522A-7106-4C92-B45C-DE8C60414C79} = {767278C6-EF6A-4E21-9538-F432421140E3}
		{5EFA3FF1-2036-49F2-8CE6-42C558E2A954} = {862FDAA8-1225-4CA0-AA2D-C8AB1E4DE42A}
		{DCA8582F-7BD8-4907-B309-6475EF9B4258} = {862FDAA8-1225-4CA0-AA2D-C8AB1E4DE42A}
		{62685969-05FE-4AE2-B57E-590000BC8253} = {862FDAA8-1225-4CA0-AA2D-C8AB1E4DE42A}
		{2C6AE9F9-C4F1-40F1-911C-54FEF3E1B1ED} = {862FDAA8-1225-4CA0-AA2D-C8AB1E4DE42A}
	EndGlobalSection
EndGlobal
