
Microsoft Visual Studio Solution File, Format Version 12.00
# Visual Studio 15
VisualStudioVersion = 15.0.26430.16
MinimumVisualStudioVersion = 10.0.40219.1
Project("{FAE04EC0-301F-11D3-BF4B-00C04F79EFBC}") = "LearningC-SharpForBeginners", "LearningC-SharpForBeginners\LearningC-SharpForBeginners.csproj", "{2D4BD1A2-B4BC-4CA1-AE45-577ED69A5A29}"
EndProject
Project("{FAE04EC0-301F-11D3-BF4B-00C04F79EFBC}") = "Chap3Part1", "Chap3Part1\Chap3Part1.csproj", "{7C424144-9344-41D2-A083-FC51D2BCEB4A}"
EndProject
Project("{FAE04EC0-301F-11D3-BF4B-00C04F79EFBC}") = "Chap3Part3", "Chap3Part3\Chap3Part3.csproj", "{4918B636-8B6C-443D-B4BD-BB45CD92FF53}"
EndProject
Project("{FAE04EC0-301F-11D3-BF4B-00C04F79EFBC}") = "Chap4Part7", "Chap4Part7\Chap4Part7.csproj", "{AEBC002A-92B1-40F1-87BC-84819E6EFF13}"
EndProject
Project("{FAE04EC0-301F-11D3-BF4B-00C04F79EFBC}") = "Chap5Part2", "Chap5Part2\Chap5Part2.csproj", "{C2ABDAEA-40CD-463E-9891-C6E898DC83CC}"
EndProject
Project("{FAE04EC0-301F-11D3-BF4B-00C04F79EFBC}") = "Chap5Part7", "Chap5Part7\Chap5Part7.csproj", "{5DB59B4C-59D3-4C3B-990C-5E9D4D613030}"
EndProject
Project("{FAE04EC0-301F-11D3-BF4B-00C04F79EFBC}") = "Chap5Part8", "Chap5Part8\Chap5Part8.csproj", "{A5117585-57D4-4B09-9F80-5C266CFE4108}"
EndProject
Project("{FAE04EC0-301F-11D3-BF4B-00C04F79EFBC}") = "Chap6Part1", "Chap6Part1\Chap6Part1.csproj", "{5654D56A-19A9-4B33-BCA0-D723B5BAD59A}"
EndProject
Project("{FAE04EC0-301F-11D3-BF4B-00C04F79EFBC}") = "Chap6Part5", "Chap6Part5\Chap6Part5.csproj", "{05897280-E11A-4CF5-A0FF-43FBD94CE2DA}"
EndProject
Project("{FAE04EC0-301F-11D3-BF4B-00C04F79EFBC}") = "Chap6Part7", "Chap6Part7\Chap6Part7.csproj", "{5B5660F8-F315-4B1F-AFFE-8BDBDA96293C}"
EndProject
Project("{2150E333-8FDC-42A3-9474-1A3956D46DE8}") = "Section3 Your First C Sharp Program", "Section3 Your First C Sharp Program", "{158E0F4F-D7FB-4FCC-8DB5-DF600352A0BA}"
EndProject
Project("{2150E333-8FDC-42A3-9474-1A3956D46DE8}") = "Section4 C Sharp Building Blocks - Data Types and Variables", "Section4 C Sharp Building Blocks - Data Types and Variables", "{7760E916-4AAF-4B59-9BC5-16427EF190CC}"
EndProject
Project("{2150E333-8FDC-42A3-9474-1A3956D46DE8}") = "Section5 Introduction To Classes And Objects", "Section5 Introduction To Classes And Objects", "{767278C6-EF6A-4E21-9538-F432421140E3}"
EndProject
Project("{2150E333-8FDC-42A3-9474-1A3956D46DE8}") = "Section6 Arithmetic Operators And Expressions", "Section6 Arithmetic Operators And Expressions", "{862FDAA8-1225-4CA0-AA2D-C8AB1E4DE42A}"
EndProject
Project("{2150E333-8FDC-42A3-9474-1A3956D46DE8}") = "Section7 Input And Output", "Section7 Input And Output", "{8BBA817C-4D57-4BBB-9779-F13B2A7FFC6C}"
EndProject
Project("{FAE04EC0-301F-11D3-BF4B-00C04F79EFBC}") = "Chap7Part1", "Chap7Part1\Chap7Part1.csproj", "{A314DB45-D4E4-40FF-A011-0519430F2C17}"
EndProject
Project("{FAE04EC0-301F-11D3-BF4B-00C04F79EFBC}") = "Chap7Part3", "Chap7Part3\Chap7Part3.csproj", "{2A4D53F1-9A34-4C9C-9CAF-D93598199111}"
EndProject
Project("{FAE04EC0-301F-11D3-BF4B-00C04F79EFBC}") = "Chap7Part2", "Chap7Part2\Chap7Part2.csproj", "{ACAF25FC-EC17-4712-96A4-97F05EFEA3D4}"
EndProject
Project("{FAE04EC0-301F-11D3-BF4B-00C04F79EFBC}") = "Chap7Part4", "Chap7Part4\Chap7Part4.csproj", "{D7F24398-C494-43A7-AE3C-93D7D62B4AEA}"
EndProject
Project("{2150E333-8FDC-42A3-9474-1A3956D46DE8}") = "Section8 Making Decisions", "Section8 Making Decisions", "{A5FDEB47-3566-48EE-841F-9CE29E9C3AD7}"
EndProject
Project("{FAE04EC0-301F-11D3-BF4B-00C04F79EFBC}") = "Chap8Part2", "Chap8Part2\Chap8Part2.csproj", "{D27534E0-1651-4D46-B600-066ED5972F2C}"
EndProject
Project("{FAE04EC0-301F-11D3-BF4B-00C04F79EFBC}") = "Chap8Part3", "Chap8Part3\Chap8Part3.csproj", "{94E6EF01-19C0-4A5C-AEC4-5325C675F3CF}"
EndProject
Project("{FAE04EC0-301F-11D3-BF4B-00C04F79EFBC}") = "Chap8Part4", "Chap8Part4\Chap8Part4.csproj", "{EC58D216-ECCB-42E5-96B2-0AF91A625EEA}"
EndProject
Project("{FAE04EC0-301F-11D3-BF4B-00C04F79EFBC}") = "Chap8Part5", "Chap8Part5\Chap8Part5.csproj", "{438759A2-1504-4DF9-BDEA-9E5F704051D8}"
EndProject
Project("{FAE04EC0-301F-11D3-BF4B-00C04F79EFBC}") = "Chap8Part6", "Chap8Part6\Chap8Part6.csproj", "{588B6C3F-04D4-4E43-A1D6-98ECE0D04BB5}"
EndProject
Project("{FAE04EC0-301F-11D3-BF4B-00C04F79EFBC}") = "Chap8Part7", "Chap8Part7\Chap8Part7.csproj", "{156EB29D-58C4-4BEA-8A76-B3B66CEB6339}"
EndProject
Project("{FAE04EC0-301F-11D3-BF4B-00C04F79EFBC}") = "Chap8Part8", "Chap8Part8\Chap8Part8.csproj", "{F105B71B-D271-4163-9F1E-E2F741EBD880}"
EndProject
Project("{FAE04EC0-301F-11D3-BF4B-00C04F79EFBC}") = "Chap8Part9", "Chap8Part9\Chap8Part9.csproj", "{C55EAFD7-7D8C-49C6-B71A-2133901FE31D}"
EndProject
Project("{2150E333-8FDC-42A3-9474-1A3956D46DE8}") = "Section9 Performing Repetition", "Section9 Performing Repetition", "{13E51794-089E-4008-A49C-55A93BC29F8A}"
EndProject
Project("{FAE04EC0-301F-11D3-BF4B-00C04F79EFBC}") = "Chap4Part4", "Chap4Part4\Chap4Part4.csproj", "{6CC13A4E-51D9-4618-999A-934CBE60BBF0}"
EndProject
Project("{FAE04EC0-301F-11D3-BF4B-00C04F79EFBC}") = "Chap4Part5", "Chap4Part5\Chap4Part5.csproj", "{DB9220E3-EB4D-4963-81E6-EDD0006933A2}"
EndProject
Project("{FAE04EC0-301F-11D3-BF4B-00C04F79EFBC}") = "Chap5Part3", "Chap5Part3\Chap5Part3.csproj", "{6BD77048-8FD9-44B4-A7F3-9EE609944F45}"
EndProject
Project("{FAE04EC0-301F-11D3-BF4B-00C04F79EFBC}") = "Chap5Part4", "Chap5Part4\Chap5Part4.csproj", "{C2ECA5DF-B388-4B6F-9A0A-EC89D879810C}"
EndProject
Project("{FAE04EC0-301F-11D3-BF4B-00C04F79EFBC}") = "Chap5Part5", "Chap5Part5\Chap5Part5.csproj", "{773F268A-AA47-4051-84F0-0062DFCE7B0F}"
EndProject
Project("{FAE04EC0-301F-11D3-BF4B-00C04F79EFBC}") = "Chap5Part6", "Chap5Part6\Chap5Part6.csproj", "{F3AD522A-7106-4C92-B45C-DE8C60414C79}"
EndProject
Project("{FAE04EC0-301F-11D3-BF4B-00C04F79EFBC}") = "Chap6Part2", "Chap6Part2\Chap6Part2.csproj", "{5EFA3FF1-2036-49F2-8CE6-42C558E2A954}"
EndProject
Project("{FAE04EC0-301F-11D3-BF4B-00C04F79EFBC}") = "Chap6Part3", "Chap6Part3\Chap6Part3.csproj", "{DCA8582F-7BD8-4907-B309-6475EF9B4258}"
EndProject
Project("{FAE04EC0-301F-11D3-BF4B-00C04F79EFBC}") = "Chap6Part4", "Chap6Part4\Chap6Part4.csproj", "{62685969-05FE-4AE2-B57E-590000BC8253}"
EndProject
Project("{FAE04EC0-301F-11D3-BF4B-00C04F79EFBC}") = "Chap6Part6", "Chap6Part6\Chap6Part6.csproj", "{2C6AE9F9-C4F1-40F1-911C-54FEF3E1B1ED}"
EndProject
Project("{FAE04EC0-301F-11D3-BF4B-00C04F79EFBC}") = "Chap9Part1", "Chap9Part1\Chap9Part1.csproj", "{9A3555B4-A460-4A0C-B909-8E08F0496401}"
EndProject
Project("{FAE04EC0-301F-11D3-BF4B-00C04F79EFBC}") = "Chap9Part2", "Chap9Part2\Chap9Part2.csproj", "{C25C127C-23F4-4330-B49D-4D2AB9E7D477}"
EndProject
Project("{FAE04EC0-301F-11D3-BF4B-00C04F79EFBC}") = "Chap9Part3", "Chap9Part3\Chap9Part3.csproj", "{7B61CEB5-C808-4993-A967-2BCE63827794}"
EndProject
Project("{FAE04EC0-301F-11D3-BF4B-00C04F79EFBC}") = "Chap9Part4", "Chap9Part4\Chap9Part4.csproj", "{FBB7BBBA-5AF8-46B2-B2BC-8A002AD10C66}"
EndProject
Project("{FAE04EC0-301F-11D3-BF4B-00C04F79EFBC}") = "Chap9Part5", "Chap9Part5\Chap9Part5.csproj", "{4BABB8DC-9EA4-45E8-A786-2C8E473C0E4E}"
EndProject
Project("{FAE04EC0-301F-11D3-BF4B-00C04F79EFBC}") = "Chap9Part6", "Chap9Part6\Chap9Part6.csproj", "{759AE78A-9B24-4ADE-BF42-1319BB6FC070}"
EndProject
Project("{FAE04EC0-301F-11D3-BF4B-00C04F79EFBC}") = "Chap9Part7", "Chap9Part7\Chap9Part7.csproj", "{DCB7A15C-38F0-493E-97A2-C90ABC95D391}"
EndProject
Project("{FAE04EC0-301F-11D3-BF4B-00C04F79EFBC}") = "Chap9Part8", "Chap9Part8\Chap9Part8.csproj", "{5C804F34-D013-4802-9D75-8B6112506F02}"
EndProject
Project("{FAE04EC0-301F-11D3-BF4B-00C04F79EFBC}") = "Chap9Part9", "Chap9Part9\Chap9Part9.csproj", "{54605F2A-3979-443B-94B6-B3B5CBB2AFD3}"
EndProject
Project("{FAE04EC0-301F-11D3-BF4B-00C04F79EFBC}") = "Chap9Part10", "Chap9Part10\Chap9Part10.csproj", "{7D33F490-0FA2-40D6-8180-B1B0E5024E6E}"
EndProject
Project("{2150E333-8FDC-42A3-9474-1A3956D46DE8}") = "Section10 Methods", "Section10 Methods", "{8C1A2568-5C6D-4770-B04E-3B332D1815C5}"
EndProject
Project("{FAE04EC0-301F-11D3-BF4B-00C04F79EFBC}") = "Chap10Part1", "Chap10Part1\Chap10Part1.csproj", "{68A9BBAB-C7A8-4199-B031-D6C27BAD1556}"
EndProject
Project("{FAE04EC0-301F-11D3-BF4B-00C04F79EFBC}") = "Chap10Part2", "Chap10Part2\Chap10Part2.csproj", "{A8D8D62D-0AE7-4279-9CF0-C6C589C07961}"
EndProject
Project("{FAE04EC0-301F-11D3-BF4B-00C04F79EFBC}") = "Chap10Part3", "Chap10Part3\Chap10Part3.csproj", "{9080A7EF-C194-4C82-BEAE-75BD57797A6D}"
EndProject
Project("{FAE04EC0-301F-11D3-BF4B-00C04F79EFBC}") = "Chap10Part4", "Chap10Part4\Chap10Part4.csproj", "{95732524-A965-4882-BE10-5C29DBE257B2}"
EndProject
Project("{FAE04EC0-301F-11D3-BF4B-00C04F79EFBC}") = "Chap10Part5", "Chap10Part5\Chap10Part5.csproj", "{D67FB10B-8544-4781-B294-0E6BD92F71CC}"
EndProject
Project("{FAE04EC0-301F-11D3-BF4B-00C04F79EFBC}") = "Chap10Part6", "Chap10Part6\Chap10Part6.csproj", "{70399049-C20E-4628-9025-5484B13251EA}"
EndProject
Project("{FAE04EC0-301F-11D3-BF4B-00C04F79EFBC}") = "Chap10Part7", "Chap10Part7\Chap10Part7.csproj", "{EAF3708F-1EA1-45F7-928F-59996A3A8748}"
EndProject
Project("{FAE04EC0-301F-11D3-BF4B-00C04F79EFBC}") = "Chap8Part1", "Chap8Part1\Chap8Part1.csproj", "{3DD251EA-04A4-45E7-BB8E-C4671D7E01D7}"
EndProject
Project("{2150E333-8FDC-42A3-9474-1A3956D46DE8}") = "Section11 Working With Lists", "Section11 Working With Lists", "{2F9013F3-EF09-4305-8A78-BDF00DE76AA5}"
EndProject
Project("{FAE04EC0-301F-11D3-BF4B-00C04F79EFBC}") = "Chap11Part1", "Chap11Part1\Chap11Part1.csproj", "{4091AFF2-F324-4017-A17C-FDBAF4E2074C}"
EndProject
Project("{FAE04EC0-301F-11D3-BF4B-00C04F79EFBC}") = "Chap11Part2", "Chap11Part2\Chap11Part2.csproj", "{5174F550-16BF-4304-A700-9D75C0585EFC}"
EndProject
Project("{FAE04EC0-301F-11D3-BF4B-00C04F79EFBC}") = "Chap11Part3", "Chap11Part3\Chap11Part3.csproj", "{81A0CFCF-AD48-4747-A901-4E8908174CA8}"
EndProject
Project("{FAE04EC0-301F-11D3-BF4B-00C04F79EFBC}") = "Chap11Part4", "Chap11Part4\Chap11Part4.csproj", "{24DACFAA-6DA1-4634-87F0-749B75A73C6E}"
EndProject
Project("{FAE04EC0-301F-11D3-BF4B-00C04F79EFBC}") = "Chap11Part5", "Chap11Part5\Chap11Part5.csproj", "{CF613D2B-F0FB-4B61-8A7C-FB5F0BD73688}"
EndProject
Project("{FAE04EC0-301F-11D3-BF4B-00C04F79EFBC}") = "Chap11Part6", "Chap11Part6\Chap11Part6.csproj", "{F727A3BD-2EAC-42E5-B146-FE08FC2FADD0}"
EndProject
Project("{FAE04EC0-301F-11D3-BF4B-00C04F79EFBC}") = "Chap11Part7", "Chap11Part7\Chap11Part7.csproj", "{F26F9404-9D31-43AF-89DE-B7AFD6BEF76E}"
EndProject
Project("{FAE04EC0-301F-11D3-BF4B-00C04F79EFBC}") = "Chap11Part8", "Chap11Part8\Chap11Part8.csproj", "{CE29D61B-FD4B-4C63-8089-D59AA0C2E8D5}"
EndProject
Project("{FAE04EC0-301F-11D3-BF4B-00C04F79EFBC}") = "Chap11Part9", "Chap11Part9\Chap11Part9.csproj", "{C23853D2-FB46-4493-A4E2-0D4F0201B8F4}"
EndProject
Project("{FAE04EC0-301F-11D3-BF4B-00C04F79EFBC}") = "Chap11Part10", "Chap11Part10\Chap11Part10.csproj", "{5A7FDA6C-7B05-4149-93E9-456AFED31DD4}"
EndProject
Project("{FAE04EC0-301F-11D3-BF4B-00C04F79EFBC}") = "Chap11Part11", "Chap11Part11\Chap11Part11.csproj", "{FE5DAF60-394F-42CC-8265-4488F449B41E}"
EndProject
Project("{2150E333-8FDC-42A3-9474-1A3956D46DE8}") = "Section12 Classes And Object-Oriented Programming", "Section12 Classes And Object-Oriented Programming", "{6DC0792A-3ED7-497A-9412-CB1767DBDECD}"
EndProject
Project("{FAE04EC0-301F-11D3-BF4B-00C04F79EFBC}") = "Chap12Part1", "Chap12Part1\Chap12Part1.csproj", "{522F42DB-09DF-4B1B-AD74-DD1090B53C88}"
EndProject
Project("{FAE04EC0-301F-11D3-BF4B-00C04F79EFBC}") = "Chap12Part2", "Chap12Part2\Chap12Part2.csproj", "{05AA16EA-12A2-452F-ABED-969451E0658B}"
EndProject
Project("{FAE04EC0-301F-11D3-BF4B-00C04F79EFBC}") = "Chap12Part3", "Chap12Part3\Chap12Part3.csproj", "{64D84EE1-C31B-4FFF-B5FC-A33D701CB6CD}"
EndProject
Project("{FAE04EC0-301F-11D3-BF4B-00C04F79EFBC}") = "Chap12Part4", "Chap12Part4\Chap12Part4.csproj", "{2864D788-6092-4EF5-89EC-AA369F598471}"
EndProject
Project("{FAE04EC0-301F-11D3-BF4B-00C04F79EFBC}") = "Chap12Part5", "Chap12Part5\Chap12Part5.csproj", "{BD640F63-D6D6-4056-9DD5-C91777F64312}"
EndProject
Project("{FAE04EC0-301F-11D3-BF4B-00C04F79EFBC}") = "Chap12Part6", "Chap12Part6\Chap12Part6.csproj", "{54EB3A20-8C42-4724-A7A5-CA0998BAC11E}"
EndProject
Project("{FAE04EC0-301F-11D3-BF4B-00C04F79EFBC}") = "Chap12Part7", "Chap12Part7\Chap12Part7.csproj", "{517F0CD0-234A-451D-A792-E05AD4AA87E7}"
EndProject
Project("{2150E333-8FDC-42A3-9474-1A3956D46DE8}") = "Section13 Inheritance", "Section13 Inheritance", "{A9497730-6967-433F-9373-A6081DCF51D9}"
EndProject
Project("{FAE04EC0-301F-11D3-BF4B-00C04F79EFBC}") = "Chap13Part1", "Chap13Part1\Chap13Part1.csproj", "{062C6D5F-3D6A-4D82-B3D6-D23E0BB052B8}"
EndProject
Project("{FAE04EC0-301F-11D3-BF4B-00C04F79EFBC}") = "Chap13Part2", "Chap13Part2\Chap13Part2.csproj", "{1A175FC8-AF10-4525-BA0D-5A992CF162D2}"
EndProject
Project("{FAE04EC0-301F-11D3-BF4B-00C04F79EFBC}") = "Chap13Part3", "Chap13Part3\Chap13Part3.csproj", "{80360718-64C1-4649-9D77-0F6906D0A3E6}"
EndProject
Project("{FAE04EC0-301F-11D3-BF4B-00C04F79EFBC}") = "Chap13Part4", "Chap13Part4\Chap13Part4.csproj", "{0D5D56F6-A033-4B0E-97CC-E21132CF709F}"
EndProject
Project("{FAE04EC0-301F-11D3-BF4B-00C04F79EFBC}") = "Chap13Part5", "Chap13Part5\Chap13Part5.csproj", "{D6D0312C-72CD-48B7-B541-4B0F9E7C5B49}"
EndProject
Project("{2150E333-8FDC-42A3-9474-1A3956D46DE8}") = "Section14 Polymorphism And Other Advanced Topics", "Section14 Polymorphism And Other Advanced Topics", "{0151860C-C070-43AF-ABD5-E16B1FFE09A4}"
EndProject
Project("{FAE04EC0-301F-11D3-BF4B-00C04F79EFBC}") = "Chap14Part1", "Chap14Part1\Chap14Part1.csproj", "{BDB6383B-99D2-456B-9515-FA910C00408C}"
EndProject
Project("{FAE04EC0-301F-11D3-BF4B-00C04F79EFBC}") = "Chap14Part2", "Chap14Part2\Chap14Part2.csproj", "{F4837CDA-7EFC-4C61-8736-2AAEBCF27523}"
EndProject
Project("{FAE04EC0-301F-11D3-BF4B-00C04F79EFBC}") = "Chap14Part3", "Chap14Part3\Chap14Part3.csproj", "{C5DC7B88-A151-484A-BD44-DF2207A1F626}"
EndProject
Project("{FAE04EC0-301F-11D3-BF4B-00C04F79EFBC}") = "Chap14Part4", "Chap14Part4\Chap14Part4.csproj", "{4CA46B90-2082-4B4D-B757-F002AB467C2B}"
EndProject
Global
	GlobalSection(SolutionConfigurationPlatforms) = preSolution
		Debug|Any CPU = Debug|Any CPU
		Release|Any CPU = Release|Any CPU
	EndGlobalSection
	GlobalSection(ProjectConfigurationPlatforms) = postSolution
		{2D4BD1A2-B4BC-4CA1-AE45-577ED69A5A29}.Debug|Any CPU.ActiveCfg = Debug|Any CPU
		{2D4BD1A2-B4BC-4CA1-AE45-577ED69A5A29}.Debug|Any CPU.Build.0 = Debug|Any CPU
		{2D4BD1A2-B4BC-4CA1-AE45-577ED69A5A29}.Release|Any CPU.ActiveCfg = Release|Any CPU
		{2D4BD1A2-B4BC-4CA1-AE45-577ED69A5A29}.Release|Any CPU.Build.0 = Release|Any CPU
		{7C424144-9344-41D2-A083-FC51D2BCEB4A}.Debug|Any CPU.ActiveCfg = Debug|Any CPU
		{7C424144-9344-41D2-A083-FC51D2BCEB4A}.Debug|Any CPU.Build.0 = Debug|Any CPU
		{7C424144-9344-41D2-A083-FC51D2BCEB4A}.Release|Any CPU.ActiveCfg = Release|Any CPU
		{7C424144-9344-41D2-A083-FC51D2BCEB4A}.Release|Any CPU.Build.0 = Release|Any CPU
		{4918B636-8B6C-443D-B4BD-BB45CD92FF53}.Debug|Any CPU.ActiveCfg = Debug|Any CPU
		{4918B636-8B6C-443D-B4BD-BB45CD92FF53}.Debug|Any CPU.Build.0 = Debug|Any CPU
		{4918B636-8B6C-443D-B4BD-BB45CD92FF53}.Release|Any CPU.ActiveCfg = Release|Any CPU
		{4918B636-8B6C-443D-B4BD-BB45CD92FF53}.Release|Any CPU.Build.0 = Release|Any CPU
		{AEBC002A-92B1-40F1-87BC-84819E6EFF13}.Debug|Any CPU.ActiveCfg = Debug|Any CPU
		{AEBC002A-92B1-40F1-87BC-84819E6EFF13}.Debug|Any CPU.Build.0 = Debug|Any CPU
		{AEBC002A-92B1-40F1-87BC-84819E6EFF13}.Release|Any CPU.ActiveCfg = Release|Any CPU
		{AEBC002A-92B1-40F1-87BC-84819E6EFF13}.Release|Any CPU.Build.0 = Release|Any CPU
		{C2ABDAEA-40CD-463E-9891-C6E898DC83CC}.Debug|Any CPU.ActiveCfg = Debug|Any CPU
		{C2ABDAEA-40CD-463E-9891-C6E898DC83CC}.Debug|Any CPU.Build.0 = Debug|Any CPU
		{C2ABDAEA-40CD-463E-9891-C6E898DC83CC}.Release|Any CPU.ActiveCfg = Release|Any CPU
		{C2ABDAEA-40CD-463E-9891-C6E898DC83CC}.Release|Any CPU.Build.0 = Release|Any CPU
		{5DB59B4C-59D3-4C3B-990C-5E9D4D613030}.Debug|Any CPU.ActiveCfg = Debug|Any CPU
		{5DB59B4C-59D3-4C3B-990C-5E9D4D613030}.Debug|Any CPU.Build.0 = Debug|Any CPU
		{5DB59B4C-59D3-4C3B-990C-5E9D4D613030}.Release|Any CPU.ActiveCfg = Release|Any CPU
		{5DB59B4C-59D3-4C3B-990C-5E9D4D613030}.Release|Any CPU.Build.0 = Release|Any CPU
		{A5117585-57D4-4B09-9F80-5C266CFE4108}.Debug|Any CPU.ActiveCfg = Debug|Any CPU
		{A5117585-57D4-4B09-9F80-5C266CFE4108}.Debug|Any CPU.Build.0 = Debug|Any CPU
		{A5117585-57D4-4B09-9F80-5C266CFE4108}.Release|Any CPU.ActiveCfg = Release|Any CPU
		{A5117585-57D4-4B09-9F80-5C266CFE4108}.Release|Any CPU.Build.0 = Release|Any CPU
		{5654D56A-19A9-4B33-BCA0-D723B5BAD59A}.Debug|Any CPU.ActiveCfg = Debug|Any CPU
		{5654D56A-19A9-4B33-BCA0-D723B5BAD59A}.Debug|Any CPU.Build.0 = Debug|Any CPU
		{5654D56A-19A9-4B33-BCA0-D723B5BAD59A}.Release|Any CPU.ActiveCfg = Release|Any CPU
		{5654D56A-19A9-4B33-BCA0-D723B5BAD59A}.Release|Any CPU.Build.0 = Release|Any CPU
		{05897280-E11A-4CF5-A0FF-43FBD94CE2DA}.Debug|Any CPU.ActiveCfg = Debug|Any CPU
		{05897280-E11A-4CF5-A0FF-43FBD94CE2DA}.Debug|Any CPU.Build.0 = Debug|Any CPU
		{05897280-E11A-4CF5-A0FF-43FBD94CE2DA}.Release|Any CPU.ActiveCfg = Release|Any CPU
		{05897280-E11A-4CF5-A0FF-43FBD94CE2DA}.Release|Any CPU.Build.0 = Release|Any CPU
		{5B5660F8-F315-4B1F-AFFE-8BDBDA96293C}.Debug|Any CPU.ActiveCfg = Debug|Any CPU
		{5B5660F8-F315-4B1F-AFFE-8BDBDA96293C}.Debug|Any CPU.Build.0 = Debug|Any CPU
		{5B5660F8-F315-4B1F-AFFE-8BDBDA96293C}.Release|Any CPU.ActiveCfg = Release|Any CPU
		{5B5660F8-F315-4B1F-AFFE-8BDBDA96293C}.Release|Any CPU.Build.0 = Release|Any CPU
		{A314DB45-D4E4-40FF-A011-0519430F2C17}.Debug|Any CPU.ActiveCfg = Debug|Any CPU
		{A314DB45-D4E4-40FF-A011-0519430F2C17}.Debug|Any CPU.Build.0 = Debug|Any CPU
		{A314DB45-D4E4-40FF-A011-0519430F2C17}.Release|Any CPU.ActiveCfg = Release|Any CPU
		{A314DB45-D4E4-40FF-A011-0519430F2C17}.Release|Any CPU.Build.0 = Release|Any CPU
		{2A4D53F1-9A34-4C9C-9CAF-D93598199111}.Debug|Any CPU.ActiveCfg = Debug|Any CPU
		{2A4D53F1-9A34-4C9C-9CAF-D93598199111}.Debug|Any CPU.Build.0 = Debug|Any CPU
		{2A4D53F1-9A34-4C9C-9CAF-D93598199111}.Release|Any CPU.ActiveCfg = Release|Any CPU
		{2A4D53F1-9A34-4C9C-9CAF-D93598199111}.Release|Any CPU.Build.0 = Release|Any CPU
		{ACAF25FC-EC17-4712-96A4-97F05EFEA3D4}.Debug|Any CPU.ActiveCfg = Debug|Any CPU
		{ACAF25FC-EC17-4712-96A4-97F05EFEA3D4}.Debug|Any CPU.Build.0 = Debug|Any CPU
		{ACAF25FC-EC17-4712-96A4-97F05EFEA3D4}.Release|Any CPU.ActiveCfg = Release|Any CPU
		{ACAF25FC-EC17-4712-96A4-97F05EFEA3D4}.Release|Any CPU.Build.0 = Release|Any CPU
		{D7F24398-C494-43A7-AE3C-93D7D62B4AEA}.Debug|Any CPU.ActiveCfg = Debug|Any CPU
		{D7F24398-C494-43A7-AE3C-93D7D62B4AEA}.Debug|Any CPU.Build.0 = Debug|Any CPU
		{D7F24398-C494-43A7-AE3C-93D7D62B4AEA}.Release|Any CPU.ActiveCfg = Release|Any CPU
		{D7F24398-C494-43A7-AE3C-93D7D62B4AEA}.Release|Any CPU.Build.0 = Release|Any CPU
		{D27534E0-1651-4D46-B600-066ED5972F2C}.Debug|Any CPU.ActiveCfg = Debug|Any CPU
		{D27534E0-1651-4D46-B600-066ED5972F2C}.Debug|Any CPU.Build.0 = Debug|Any CPU
		{D27534E0-1651-4D46-B600-066ED5972F2C}.Release|Any CPU.ActiveCfg = Release|Any CPU
		{D27534E0-1651-4D46-B600-066ED5972F2C}.Release|Any CPU.Build.0 = Release|Any CPU
		{94E6EF01-19C0-4A5C-AEC4-5325C675F3CF}.Debug|Any CPU.ActiveCfg = Debug|Any CPU
		{94E6EF01-19C0-4A5C-AEC4-5325C675F3CF}.Debug|Any CPU.Build.0 = Debug|Any CPU
		{94E6EF01-19C0-4A5C-AEC4-5325C675F3CF}.Release|Any CPU.ActiveCfg = Release|Any CPU
		{94E6EF01-19C0-4A5C-AEC4-5325C675F3CF}.Release|Any CPU.Build.0 = Release|Any CPU
		{EC58D216-ECCB-42E5-96B2-0AF91A625EEA}.Debug|Any CPU.ActiveCfg = Debug|Any CPU
		{EC58D216-ECCB-42E5-96B2-0AF91A625EEA}.Debug|Any CPU.Build.0 = Debug|Any CPU
		{EC58D216-ECCB-42E5-96B2-0AF91A625EEA}.Release|Any CPU.ActiveCfg = Release|Any CPU
		{EC58D216-ECCB-42E5-96B2-0AF91A625EEA}.Release|Any CPU.Build.0 = Release|Any CPU
		{438759A2-1504-4DF9-BDEA-9E5F704051D8}.Debug|Any CPU.ActiveCfg = Debug|Any CPU
		{438759A2-1504-4DF9-BDEA-9E5F704051D8}.Debug|Any CPU.Build.0 = Debug|Any CPU
		{438759A2-1504-4DF9-BDEA-9E5F704051D8}.Release|Any CPU.ActiveCfg = Release|Any CPU
		{438759A2-1504-4DF9-BDEA-9E5F704051D8}.Release|Any CPU.Build.0 = Release|Any CPU
		{588B6C3F-04D4-4E43-A1D6-98ECE0D04BB5}.Debug|Any CPU.ActiveCfg = Debug|Any CPU
		{588B6C3F-04D4-4E43-A1D6-98ECE0D04BB5}.Debug|Any CPU.Build.0 = Debug|Any CPU
		{588B6C3F-04D4-4E43-A1D6-98ECE0D04BB5}.Release|Any CPU.ActiveCfg = Release|Any CPU
		{588B6C3F-04D4-4E43-A1D6-98ECE0D04BB5}.Release|Any CPU.Build.0 = Release|Any CPU
		{156EB29D-58C4-4BEA-8A76-B3B66CEB6339}.Debug|Any CPU.ActiveCfg = Debug|Any CPU
		{156EB29D-58C4-4BEA-8A76-B3B66CEB6339}.Debug|Any CPU.Build.0 = Debug|Any CPU
		{156EB29D-58C4-4BEA-8A76-B3B66CEB6339}.Release|Any CPU.ActiveCfg = Release|Any CPU
		{156EB29D-58C4-4BEA-8A76-B3B66CEB6339}.Release|Any CPU.Build.0 = Release|Any CPU
		{F105B71B-D271-4163-9F1E-E2F741EBD880}.Debug|Any CPU.ActiveCfg = Debug|Any CPU
		{F105B71B-D271-4163-9F1E-E2F741EBD880}.Debug|Any CPU.Build.0 = Debug|Any CPU
		{F105B71B-D271-4163-9F1E-E2F741EBD880}.Release|Any CPU.ActiveCfg = Release|Any CPU
		{F105B71B-D271-4163-9F1E-E2F741EBD880}.Release|Any CPU.Build.0 = Release|Any CPU
		{C55EAFD7-7D8C-49C6-B71A-2133901FE31D}.Debug|Any CPU.ActiveCfg = Debug|Any CPU
		{C55EAFD7-7D8C-49C6-B71A-2133901FE31D}.Debug|Any CPU.Build.0 = Debug|Any CPU
		{C55EAFD7-7D8C-49C6-B71A-2133901FE31D}.Release|Any CPU.ActiveCfg = Release|Any CPU
		{C55EAFD7-7D8C-49C6-B71A-2133901FE31D}.Release|Any CPU.Build.0 = Release|Any CPU
		{6CC13A4E-51D9-4618-999A-934CBE60BBF0}.Debug|Any CPU.ActiveCfg = Debug|Any CPU
		{6CC13A4E-51D9-4618-999A-934CBE60BBF0}.Debug|Any CPU.Build.0 = Debug|Any CPU
		{6CC13A4E-51D9-4618-999A-934CBE60BBF0}.Release|Any CPU.ActiveCfg = Release|Any CPU
		{6CC13A4E-51D9-4618-999A-934CBE60BBF0}.Release|Any CPU.Build.0 = Release|Any CPU
		{DB9220E3-EB4D-4963-81E6-EDD0006933A2}.Debug|Any CPU.ActiveCfg = Debug|Any CPU
		{DB9220E3-EB4D-4963-81E6-EDD0006933A2}.Debug|Any CPU.Build.0 = Debug|Any CPU
		{DB9220E3-EB4D-4963-81E6-EDD0006933A2}.Release|Any CPU.ActiveCfg = Release|Any CPU
		{DB9220E3-EB4D-4963-81E6-EDD0006933A2}.Release|Any CPU.Build.0 = Release|Any CPU
		{6BD77048-8FD9-44B4-A7F3-9EE609944F45}.Debug|Any CPU.ActiveCfg = Debug|Any CPU
		{6BD77048-8FD9-44B4-A7F3-9EE609944F45}.Debug|Any CPU.Build.0 = Debug|Any CPU
		{6BD77048-8FD9-44B4-A7F3-9EE609944F45}.Release|Any CPU.ActiveCfg = Release|Any CPU
		{6BD77048-8FD9-44B4-A7F3-9EE609944F45}.Release|Any CPU.Build.0 = Release|Any CPU
		{C2ECA5DF-B388-4B6F-9A0A-EC89D879810C}.Debug|Any CPU.ActiveCfg = Debug|Any CPU
		{C2ECA5DF-B388-4B6F-9A0A-EC89D879810C}.Debug|Any CPU.Build.0 = Debug|Any CPU
		{C2ECA5DF-B388-4B6F-9A0A-EC89D879810C}.Release|Any CPU.ActiveCfg = Release|Any CPU
		{C2ECA5DF-B388-4B6F-9A0A-EC89D879810C}.Release|Any CPU.Build.0 = Release|Any CPU
		{773F268A-AA47-4051-84F0-0062DFCE7B0F}.Debug|Any CPU.ActiveCfg = Debug|Any CPU
		{773F268A-AA47-4051-84F0-0062DFCE7B0F}.Debug|Any CPU.Build.0 = Debug|Any CPU
		{773F268A-AA47-4051-84F0-0062DFCE7B0F}.Release|Any CPU.ActiveCfg = Release|Any CPU
		{773F268A-AA47-4051-84F0-0062DFCE7B0F}.Release|Any CPU.Build.0 = Release|Any CPU
		{F3AD522A-7106-4C92-B45C-DE8C60414C79}.Debug|Any CPU.ActiveCfg = Debug|Any CPU
		{F3AD522A-7106-4C92-B45C-DE8C60414C79}.Debug|Any CPU.Build.0 = Debug|Any CPU
		{F3AD522A-7106-4C92-B45C-DE8C60414C79}.Release|Any CPU.ActiveCfg = Release|Any CPU
		{F3AD522A-7106-4C92-B45C-DE8C60414C79}.Release|Any CPU.Build.0 = Release|Any CPU
		{5EFA3FF1-2036-49F2-8CE6-42C558E2A954}.Debug|Any CPU.ActiveCfg = Debug|Any CPU
		{5EFA3FF1-2036-49F2-8CE6-42C558E2A954}.Debug|Any CPU.Build.0 = Debug|Any CPU
		{5EFA3FF1-2036-49F2-8CE6-42C558E2A954}.Release|Any CPU.ActiveCfg = Release|Any CPU
		{5EFA3FF1-2036-49F2-8CE6-42C558E2A954}.Release|Any CPU.Build.0 = Release|Any CPU
		{DCA8582F-7BD8-4907-B309-6475EF9B4258}.Debug|Any CPU.ActiveCfg = Debug|Any CPU
		{DCA8582F-7BD8-4907-B309-6475EF9B4258}.Debug|Any CPU.Build.0 = Debug|Any CPU
		{DCA8582F-7BD8-4907-B309-6475EF9B4258}.Release|Any CPU.ActiveCfg = Release|Any CPU
		{DCA8582F-7BD8-4907-B309-6475EF9B4258}.Release|Any CPU.Build.0 = Release|Any CPU
		{62685969-05FE-4AE2-B57E-590000BC8253}.Debug|Any CPU.ActiveCfg = Debug|Any CPU
		{62685969-05FE-4AE2-B57E-590000BC8253}.Debug|Any CPU.Build.0 = Debug|Any CPU
		{62685969-05FE-4AE2-B57E-590000BC8253}.Release|Any CPU.ActiveCfg = Release|Any CPU
		{62685969-05FE-4AE2-B57E-590000BC8253}.Release|Any CPU.Build.0 = Release|Any CPU
		{2C6AE9F9-C4F1-40F1-911C-54FEF3E1B1ED}.Debug|Any CPU.ActiveCfg = Debug|Any CPU
		{2C6AE9F9-C4F1-40F1-911C-54FEF3E1B1ED}.Debug|Any CPU.Build.0 = Debug|Any CPU
		{2C6AE9F9-C4F1-40F1-911C-54FEF3E1B1ED}.Release|Any CPU.ActiveCfg = Release|Any CPU
		{2C6AE9F9-C4F1-40F1-911C-54FEF3E1B1ED}.Release|Any CPU.Build.0 = Release|Any CPU
		{9A3555B4-A460-4A0C-B909-8E08F0496401}.Debug|Any CPU.ActiveCfg = Debug|Any CPU
		{9A3555B4-A460-4A0C-B909-8E08F0496401}.Debug|Any CPU.Build.0 = Debug|Any CPU
		{9A3555B4-A460-4A0C-B909-8E08F0496401}.Release|Any CPU.ActiveCfg = Release|Any CPU
		{9A3555B4-A460-4A0C-B909-8E08F0496401}.Release|Any CPU.Build.0 = Release|Any CPU
		{C25C127C-23F4-4330-B49D-4D2AB9E7D477}.Debug|Any CPU.ActiveCfg = Debug|Any CPU
		{C25C127C-23F4-4330-B49D-4D2AB9E7D477}.Debug|Any CPU.Build.0 = Debug|Any CPU
		{C25C127C-23F4-4330-B49D-4D2AB9E7D477}.Release|Any CPU.ActiveCfg = Release|Any CPU
		{C25C127C-23F4-4330-B49D-4D2AB9E7D477}.Release|Any CPU.Build.0 = Release|Any CPU
		{7B61CEB5-C808-4993-A967-2BCE63827794}.Debug|Any CPU.ActiveCfg = Debug|Any CPU
		{7B61CEB5-C808-4993-A967-2BCE63827794}.Debug|Any CPU.Build.0 = Debug|Any CPU
		{7B61CEB5-C808-4993-A967-2BCE63827794}.Release|Any CPU.ActiveCfg = Release|Any CPU
		{7B61CEB5-C808-4993-A967-2BCE63827794}.Release|Any CPU.Build.0 = Release|Any CPU
		{FBB7BBBA-5AF8-46B2-B2BC-8A002AD10C66}.Debug|Any CPU.ActiveCfg = Debug|Any CPU
		{FBB7BBBA-5AF8-46B2-B2BC-8A002AD10C66}.Debug|Any CPU.Build.0 = Debug|Any CPU
		{FBB7BBBA-5AF8-46B2-B2BC-8A002AD10C66}.Release|Any CPU.ActiveCfg = Release|Any CPU
		{FBB7BBBA-5AF8-46B2-B2BC-8A002AD10C66}.Release|Any CPU.Build.0 = Release|Any CPU
		{4BABB8DC-9EA4-45E8-A786-2C8E473C0E4E}.Debug|Any CPU.ActiveCfg = Debug|Any CPU
		{4BABB8DC-9EA4-45E8-A786-2C8E473C0E4E}.Debug|Any CPU.Build.0 = Debug|Any CPU
		{4BABB8DC-9EA4-45E8-A786-2C8E473C0E4E}.Release|Any CPU.ActiveCfg = Release|Any CPU
		{4BABB8DC-9EA4-45E8-A786-2C8E473C0E4E}.Release|Any CPU.Build.0 = Release|Any CPU
		{759AE78A-9B24-4ADE-BF42-1319BB6FC070}.Debug|Any CPU.ActiveCfg = Debug|Any CPU
		{759AE78A-9B24-4ADE-BF42-1319BB6FC070}.Debug|Any CPU.Build.0 = Debug|Any CPU
		{759AE78A-9B24-4ADE-BF42-1319BB6FC070}.Release|Any CPU.ActiveCfg = Release|Any CPU
		{759AE78A-9B24-4ADE-BF42-1319BB6FC070}.Release|Any CPU.Build.0 = Release|Any CPU
		{DCB7A15C-38F0-493E-97A2-C90ABC95D391}.Debug|Any CPU.ActiveCfg = Debug|Any CPU
		{DCB7A15C-38F0-493E-97A2-C90ABC95D391}.Debug|Any CPU.Build.0 = Debug|Any CPU
		{DCB7A15C-38F0-493E-97A2-C90ABC95D391}.Release|Any CPU.ActiveCfg = Release|Any CPU
		{DCB7A15C-38F0-493E-97A2-C90ABC95D391}.Release|Any CPU.Build.0 = Release|Any CPU
		{5C804F34-D013-4802-9D75-8B6112506F02}.Debug|Any CPU.ActiveCfg = Debug|Any CPU
		{5C804F34-D013-4802-9D75-8B6112506F02}.Debug|Any CPU.Build.0 = Debug|Any CPU
		{5C804F34-D013-4802-9D75-8B6112506F02}.Release|Any CPU.ActiveCfg = Release|Any CPU
		{5C804F34-D013-4802-9D75-8B6112506F02}.Release|Any CPU.Build.0 = Release|Any CPU
		{54605F2A-3979-443B-94B6-B3B5CBB2AFD3}.Debug|Any CPU.ActiveCfg = Debug|Any CPU
		{54605F2A-3979-443B-94B6-B3B5CBB2AFD3}.Debug|Any CPU.Build.0 = Debug|Any CPU
		{54605F2A-3979-443B-94B6-B3B5CBB2AFD3}.Release|Any CPU.ActiveCfg = Release|Any CPU
		{54605F2A-3979-443B-94B6-B3B5CBB2AFD3}.Release|Any CPU.Build.0 = Release|Any CPU
		{7D33F490-0FA2-40D6-8180-B1B0E5024E6E}.Debug|Any CPU.ActiveCfg = Debug|Any CPU
		{7D33F490-0FA2-40D6-8180-B1B0E5024E6E}.Debug|Any CPU.Build.0 = Debug|Any CPU
		{7D33F490-0FA2-40D6-8180-B1B0E5024E6E}.Release|Any CPU.ActiveCfg = Release|Any CPU
		{7D33F490-0FA2-40D6-8180-B1B0E5024E6E}.Release|Any CPU.Build.0 = Release|Any CPU
		{68A9BBAB-C7A8-4199-B031-D6C27BAD1556}.Debug|Any CPU.ActiveCfg = Debug|Any CPU
		{68A9BBAB-C7A8-4199-B031-D6C27BAD1556}.Debug|Any CPU.Build.0 = Debug|Any CPU
		{68A9BBAB-C7A8-4199-B031-D6C27BAD1556}.Release|Any CPU.ActiveCfg = Release|Any CPU
		{68A9BBAB-C7A8-4199-B031-D6C27BAD1556}.Release|Any CPU.Build.0 = Release|Any CPU
		{A8D8D62D-0AE7-4279-9CF0-C6C589C07961}.Debug|Any CPU.ActiveCfg = Debug|Any CPU
		{A8D8D62D-0AE7-4279-9CF0-C6C589C07961}.Debug|Any CPU.Build.0 = Debug|Any CPU
		{A8D8D62D-0AE7-4279-9CF0-C6C589C07961}.Release|Any CPU.ActiveCfg = Release|Any CPU
		{A8D8D62D-0AE7-4279-9CF0-C6C589C07961}.Release|Any CPU.Build.0 = Release|Any CPU
		{9080A7EF-C194-4C82-BEAE-75BD57797A6D}.Debug|Any CPU.ActiveCfg = Debug|Any CPU
		{9080A7EF-C194-4C82-BEAE-75BD57797A6D}.Debug|Any CPU.Build.0 = Debug|Any CPU
		{9080A7EF-C194-4C82-BEAE-75BD57797A6D}.Release|Any CPU.ActiveCfg = Release|Any CPU
		{9080A7EF-C194-4C82-BEAE-75BD57797A6D}.Release|Any CPU.Build.0 = Release|Any CPU
		{95732524-A965-4882-BE10-5C29DBE257B2}.Debug|Any CPU.ActiveCfg = Debug|Any CPU
		{95732524-A965-4882-BE10-5C29DBE257B2}.Debug|Any CPU.Build.0 = Debug|Any CPU
		{95732524-A965-4882-BE10-5C29DBE257B2}.Release|Any CPU.ActiveCfg = Release|Any CPU
		{95732524-A965-4882-BE10-5C29DBE257B2}.Release|Any CPU.Build.0 = Release|Any CPU
		{D67FB10B-8544-4781-B294-0E6BD92F71CC}.Debug|Any CPU.ActiveCfg = Debug|Any CPU
		{D67FB10B-8544-4781-B294-0E6BD92F71CC}.Debug|Any CPU.Build.0 = Debug|Any CPU
		{D67FB10B-8544-4781-B294-0E6BD92F71CC}.Release|Any CPU.ActiveCfg = Release|Any CPU
		{D67FB10B-8544-4781-B294-0E6BD92F71CC}.Release|Any CPU.Build.0 = Release|Any CPU
		{70399049-C20E-4628-9025-5484B13251EA}.Debug|Any CPU.ActiveCfg = Debug|Any CPU
		{70399049-C20E-4628-9025-5484B13251EA}.Debug|Any CPU.Build.0 = Debug|Any CPU
		{70399049-C20E-4628-9025-5484B13251EA}.Release|Any CPU.ActiveCfg = Release|Any CPU
		{70399049-C20E-4628-9025-5484B13251EA}.Release|Any CPU.Build.0 = Release|Any CPU
		{EAF3708F-1EA1-45F7-928F-59996A3A8748}.Debug|Any CPU.ActiveCfg = Debug|Any CPU
		{EAF3708F-1EA1-45F7-928F-59996A3A8748}.Debug|Any CPU.Build.0 = Debug|Any CPU
		{EAF3708F-1EA1-45F7-928F-59996A3A8748}.Release|Any CPU.ActiveCfg = Release|Any CPU
		{EAF3708F-1EA1-45F7-928F-59996A3A8748}.Release|Any CPU.Build.0 = Release|Any CPU
		{3DD251EA-04A4-45E7-BB8E-C4671D7E01D7}.Debug|Any CPU.ActiveCfg = Debug|Any CPU
		{3DD251EA-04A4-45E7-BB8E-C4671D7E01D7}.Debug|Any CPU.Build.0 = Debug|Any CPU
		{3DD251EA-04A4-45E7-BB8E-C4671D7E01D7}.Release|Any CPU.ActiveCfg = Release|Any CPU
		{3DD251EA-04A4-45E7-BB8E-C4671D7E01D7}.Release|Any CPU.Build.0 = Release|Any CPU
		{4091AFF2-F324-4017-A17C-FDBAF4E2074C}.Debug|Any CPU.ActiveCfg = Debug|Any CPU
		{4091AFF2-F324-4017-A17C-FDBAF4E2074C}.Debug|Any CPU.Build.0 = Debug|Any CPU
		{4091AFF2-F324-4017-A17C-FDBAF4E2074C}.Release|Any CPU.ActiveCfg = Release|Any CPU
		{4091AFF2-F324-4017-A17C-FDBAF4E2074C}.Release|Any CPU.Build.0 = Release|Any CPU
		{5174F550-16BF-4304-A700-9D75C0585EFC}.Debug|Any CPU.ActiveCfg = Debug|Any CPU
		{5174F550-16BF-4304-A700-9D75C0585EFC}.Debug|Any CPU.Build.0 = Debug|Any CPU
		{5174F550-16BF-4304-A700-9D75C0585EFC}.Release|Any CPU.ActiveCfg = Release|Any CPU
		{5174F550-16BF-4304-A700-9D75C0585EFC}.Release|Any CPU.Build.0 = Release|Any CPU
		{81A0CFCF-AD48-4747-A901-4E8908174CA8}.Debug|Any CPU.ActiveCfg = Debug|Any CPU
		{81A0CFCF-AD48-4747-A901-4E8908174CA8}.Debug|Any CPU.Build.0 = Debug|Any CPU
		{81A0CFCF-AD48-4747-A901-4E8908174CA8}.Release|Any CPU.ActiveCfg = Release|Any CPU
		{81A0CFCF-AD48-4747-A901-4E8908174CA8}.Release|Any CPU.Build.0 = Release|Any CPU
		{24DACFAA-6DA1-4634-87F0-749B75A73C6E}.Debug|Any CPU.ActiveCfg = Debug|Any CPU
		{24DACFAA-6DA1-4634-87F0-749B75A73C6E}.Debug|Any CPU.Build.0 = Debug|Any CPU
		{24DACFAA-6DA1-4634-87F0-749B75A73C6E}.Release|Any CPU.ActiveCfg = Release|Any CPU
		{24DACFAA-6DA1-4634-87F0-749B75A73C6E}.Release|Any CPU.Build.0 = Release|Any CPU
		{CF613D2B-F0FB-4B61-8A7C-FB5F0BD73688}.Debug|Any CPU.ActiveCfg = Debug|Any CPU
		{CF613D2B-F0FB-4B61-8A7C-FB5F0BD73688}.Debug|Any CPU.Build.0 = Debug|Any CPU
		{CF613D2B-F0FB-4B61-8A7C-FB5F0BD73688}.Release|Any CPU.ActiveCfg = Release|Any CPU
		{CF613D2B-F0FB-4B61-8A7C-FB5F0BD73688}.Release|Any CPU.Build.0 = Release|Any CPU
		{F727A3BD-2EAC-42E5-B146-FE08FC2FADD0}.Debug|Any CPU.ActiveCfg = Debug|Any CPU
		{F727A3BD-2EAC-42E5-B146-FE08FC2FADD0}.Debug|Any CPU.Build.0 = Debug|Any CPU
		{F727A3BD-2EAC-42E5-B146-FE08FC2FADD0}.Release|Any CPU.ActiveCfg = Release|Any CPU
		{F727A3BD-2EAC-42E5-B146-FE08FC2FADD0}.Release|Any CPU.Build.0 = Release|Any CPU
		{F26F9404-9D31-43AF-89DE-B7AFD6BEF76E}.Debug|Any CPU.ActiveCfg = Debug|Any CPU
		{F26F9404-9D31-43AF-89DE-B7AFD6BEF76E}.Debug|Any CPU.Build.0 = Debug|Any CPU
		{F26F9404-9D31-43AF-89DE-B7AFD6BEF76E}.Release|Any CPU.ActiveCfg = Release|Any CPU
		{F26F9404-9D31-43AF-89DE-B7AFD6BEF76E}.Release|Any CPU.Build.0 = Release|Any CPU
		{CE29D61B-FD4B-4C63-8089-D59AA0C2E8D5}.Debug|Any CPU.ActiveCfg = Debug|Any CPU
		{CE29D61B-FD4B-4C63-8089-D59AA0C2E8D5}.Debug|Any CPU.Build.0 = Debug|Any CPU
		{CE29D61B-FD4B-4C63-8089-D59AA0C2E8D5}.Release|Any CPU.ActiveCfg = Release|Any CPU
		{CE29D61B-FD4B-4C63-8089-D59AA0C2E8D5}.Release|Any CPU.Build.0 = Release|Any CPU
		{C23853D2-FB46-4493-A4E2-0D4F0201B8F4}.Debug|Any CPU.ActiveCfg = Debug|Any CPU
		{C23853D2-FB46-4493-A4E2-0D4F0201B8F4}.Debug|Any CPU.Build.0 = Debug|Any CPU
		{C23853D2-FB46-4493-A4E2-0D4F0201B8F4}.Release|Any CPU.ActiveCfg = Release|Any CPU
		{C23853D2-FB46-4493-A4E2-0D4F0201B8F4}.Release|Any CPU.Build.0 = Release|Any CPU
		{5A7FDA6C-7B05-4149-93E9-456AFED31DD4}.Debug|Any CPU.ActiveCfg = Debug|Any CPU
		{5A7FDA6C-7B05-4149-93E9-456AFED31DD4}.Debug|Any CPU.Build.0 = Debug|Any CPU
		{5A7FDA6C-7B05-4149-93E9-456AFED31DD4}.Release|Any CPU.ActiveCfg = Release|Any CPU
		{5A7FDA6C-7B05-4149-93E9-456AFED31DD4}.Release|Any CPU.Build.0 = Release|Any CPU
		{FE5DAF60-394F-42CC-8265-4488F449B41E}.Debug|Any CPU.ActiveCfg = Debug|Any CPU
		{FE5DAF60-394F-42CC-8265-4488F449B41E}.Debug|Any CPU.Build.0 = Debug|Any CPU
		{FE5DAF60-394F-42CC-8265-4488F449B41E}.Release|Any CPU.ActiveCfg = Release|Any CPU
		{FE5DAF60-394F-42CC-8265-4488F449B41E}.Release|Any CPU.Build.0 = Release|Any CPU
		{522F42DB-09DF-4B1B-AD74-DD1090B53C88}.Debug|Any CPU.ActiveCfg = Debug|Any CPU
		{522F42DB-09DF-4B1B-AD74-DD1090B53C88}.Debug|Any CPU.Build.0 = Debug|Any CPU
		{522F42DB-09DF-4B1B-AD74-DD1090B53C88}.Release|Any CPU.ActiveCfg = Release|Any CPU
		{522F42DB-09DF-4B1B-AD74-DD1090B53C88}.Release|Any CPU.Build.0 = Release|Any CPU
		{05AA16EA-12A2-452F-ABED-969451E0658B}.Debug|Any CPU.ActiveCfg = Debug|Any CPU
		{05AA16EA-12A2-452F-ABED-969451E0658B}.Debug|Any CPU.Build.0 = Debug|Any CPU
		{05AA16EA-12A2-452F-ABED-969451E0658B}.Release|Any CPU.ActiveCfg = Release|Any CPU
		{05AA16EA-12A2-452F-ABED-969451E0658B}.Release|Any CPU.Build.0 = Release|Any CPU
		{64D84EE1-C31B-4FFF-B5FC-A33D701CB6CD}.Debug|Any CPU.ActiveCfg = Debug|Any CPU
		{64D84EE1-C31B-4FFF-B5FC-A33D701CB6CD}.Debug|Any CPU.Build.0 = Debug|Any CPU
		{64D84EE1-C31B-4FFF-B5FC-A33D701CB6CD}.Release|Any CPU.ActiveCfg = Release|Any CPU
		{64D84EE1-C31B-4FFF-B5FC-A33D701CB6CD}.Release|Any CPU.Build.0 = Release|Any CPU
		{2864D788-6092-4EF5-89EC-AA369F598471}.Debug|Any CPU.ActiveCfg = Debug|Any CPU
		{2864D788-6092-4EF5-89EC-AA369F598471}.Debug|Any CPU.Build.0 = Debug|Any CPU
		{2864D788-6092-4EF5-89EC-AA369F598471}.Release|Any CPU.ActiveCfg = Release|Any CPU
		{2864D788-6092-4EF5-89EC-AA369F598471}.Release|Any CPU.Build.0 = Release|Any CPU
		{BD640F63-D6D6-4056-9DD5-C91777F64312}.Debug|Any CPU.ActiveCfg = Debug|Any CPU
		{BD640F63-D6D6-4056-9DD5-C91777F64312}.Debug|Any CPU.Build.0 = Debug|Any CPU
		{BD640F63-D6D6-4056-9DD5-C91777F64312}.Release|Any CPU.ActiveCfg = Release|Any CPU
		{BD640F63-D6D6-4056-9DD5-C91777F64312}.Release|Any CPU.Build.0 = Release|Any CPU
		{54EB3A20-8C42-4724-A7A5-CA0998BAC11E}.Debug|Any CPU.ActiveCfg = Debug|Any CPU
		{54EB3A20-8C42-4724-A7A5-CA0998BAC11E}.Debug|Any CPU.Build.0 = Debug|Any CPU
		{54EB3A20-8C42-4724-A7A5-CA0998BAC11E}.Release|Any CPU.ActiveCfg = Release|Any CPU
		{54EB3A20-8C42-4724-A7A5-CA0998BAC11E}.Release|Any CPU.Build.0 = Release|Any CPU
		{517F0CD0-234A-451D-A792-E05AD4AA87E7}.Debug|Any CPU.ActiveCfg = Debug|Any CPU
		{517F0CD0-234A-451D-A792-E05AD4AA87E7}.Debug|Any CPU.Build.0 = Debug|Any CPU
		{517F0CD0-234A-451D-A792-E05AD4AA87E7}.Release|Any CPU.ActiveCfg = Release|Any CPU
		{517F0CD0-234A-451D-A792-E05AD4AA87E7}.Release|Any CPU.Build.0 = Release|Any CPU
		{062C6D5F-3D6A-4D82-B3D6-D23E0BB052B8}.Debug|Any CPU.ActiveCfg = Debug|Any CPU
		{062C6D5F-3D6A-4D82-B3D6-D23E0BB052B8}.Debug|Any CPU.Build.0 = Debug|Any CPU
		{062C6D5F-3D6A-4D82-B3D6-D23E0BB052B8}.Release|Any CPU.ActiveCfg = Release|Any CPU
		{062C6D5F-3D6A-4D82-B3D6-D23E0BB052B8}.Release|Any CPU.Build.0 = Release|Any CPU
		{1A175FC8-AF10-4525-BA0D-5A992CF162D2}.Debug|Any CPU.ActiveCfg = Debug|Any CPU
		{1A175FC8-AF10-4525-BA0D-5A992CF162D2}.Debug|Any CPU.Build.0 = Debug|Any CPU
		{1A175FC8-AF10-4525-BA0D-5A992CF162D2}.Release|Any CPU.ActiveCfg = Release|Any CPU
		{1A175FC8-AF10-4525-BA0D-5A992CF162D2}.Release|Any CPU.Build.0 = Release|Any CPU
		{80360718-64C1-4649-9D77-0F6906D0A3E6}.Debug|Any CPU.ActiveCfg = Debug|Any CPU
		{80360718-64C1-4649-9D77-0F6906D0A3E6}.Debug|Any CPU.Build.0 = Debug|Any CPU
		{80360718-64C1-4649-9D77-0F6906D0A3E6}.Release|Any CPU.ActiveCfg = Release|Any CPU
		{80360718-64C1-4649-9D77-0F6906D0A3E6}.Release|Any CPU.Build.0 = Release|Any CPU
		{0D5D56F6-A033-4B0E-97CC-E21132CF709F}.Debug|Any CPU.ActiveCfg = Debug|Any CPU
		{0D5D56F6-A033-4B0E-97CC-E21132CF709F}.Debug|Any CPU.Build.0 = Debug|Any CPU
		{0D5D56F6-A033-4B0E-97CC-E21132CF709F}.Release|Any CPU.ActiveCfg = Release|Any CPU
		{0D5D56F6-A033-4B0E-97CC-E21132CF709F}.Release|Any CPU.Build.0 = Release|Any CPU
		{D6D0312C-72CD-48B7-B541-4B0F9E7C5B49}.Debug|Any CPU.ActiveCfg = Debug|Any CPU
		{D6D0312C-72CD-48B7-B541-4B0F9E7C5B49}.Debug|Any CPU.Build.0 = Debug|Any CPU
		{D6D0312C-72CD-48B7-B541-4B0F9E7C5B49}.Release|Any CPU.ActiveCfg = Release|Any CPU
		{D6D0312C-72CD-48B7-B541-4B0F9E7C5B49}.Release|Any CPU.Build.0 = Release|Any CPU
		{BDB6383B-99D2-456B-9515-FA910C00408C}.Debug|Any CPU.ActiveCfg = Debug|Any CPU
		{BDB6383B-99D2-456B-9515-FA910C00408C}.Debug|Any CPU.Build.0 = Debug|Any CPU
		{BDB6383B-99D2-456B-9515-FA910C00408C}.Release|Any CPU.ActiveCfg = Release|Any CPU
		{BDB6383B-99D2-456B-9515-FA910C00408C}.Release|Any CPU.Build.0 = Release|Any CPU
		{F4837CDA-7EFC-4C61-8736-2AAEBCF27523}.Debug|Any CPU.ActiveCfg = Debug|Any CPU
		{F4837CDA-7EFC-4C61-8736-2AAEBCF27523}.Debug|Any CPU.Build.0 = Debug|Any CPU
		{F4837CDA-7EFC-4C61-8736-2AAEBCF27523}.Release|Any CPU.ActiveCfg = Release|Any CPU
		{F4837CDA-7EFC-4C61-8736-2AAEBCF27523}.Release|Any CPU.Build.0 = Release|Any CPU
		{C5DC7B88-A151-484A-BD44-DF2207A1F626}.Debug|Any CPU.ActiveCfg = Debug|Any CPU
		{C5DC7B88-A151-484A-BD44-DF2207A1F626}.Debug|Any CPU.Build.0 = Debug|Any CPU
		{C5DC7B88-A151-484A-BD44-DF2207A1F626}.Release|Any CPU.ActiveCfg = Release|Any CPU
		{C5DC7B88-A151-484A-BD44-DF2207A1F626}.Release|Any CPU.Build.0 = Release|Any CPU
		{4CA46B90-2082-4B4D-B757-F002AB467C2B}.Debug|Any CPU.ActiveCfg = Debug|Any CPU
		{4CA46B90-2082-4B4D-B757-F002AB467C2B}.Debug|Any CPU.Build.0 = Debug|Any CPU
		{4CA46B90-2082-4B4D-B757-F002AB467C2B}.Release|Any CPU.ActiveCfg = Release|Any CPU
		{4CA46B90-2082-4B4D-B757-F002AB467C2B}.Release|Any CPU.Build.0 = Release|Any CPU
	EndGlobalSection
	GlobalSection(SolutionProperties) = preSolution
		HideSolutionNode = FALSE
	EndGlobalSection
	GlobalSection(NestedProjects) = preSolution
		{7C424144-9344-41D2-A083-FC51D2BCEB4A} = {158E0F4F-D7FB-4FCC-8DB5-DF600352A0BA}
		{4918B636-8B6C-443D-B4BD-BB45CD92FF53} = {158E0F4F-D7FB-4FCC-8DB5-DF600352A0BA}
		{AEBC002A-92B1-40F1-87BC-84819E6EFF13} = {7760E916-4AAF-4B59-9BC5-16427EF190CC}
		{C2ABDAEA-40CD-463E-9891-C6E898DC83CC} = {767278C6-EF6A-4E21-9538-F432421140E3}
		{5DB59B4C-59D3-4C3B-990C-5E9D4D613030} = {767278C6-EF6A-4E21-9538-F432421140E3}
		{A5117585-57D4-4B09-9F80-5C266CFE4108} = {767278C6-EF6A-4E21-9538-F432421140E3}
		{5654D56A-19A9-4B33-BCA0-D723B5BAD59A} = {862FDAA8-1225-4CA0-AA2D-C8AB1E4DE42A}
		{05897280-E11A-4CF5-A0FF-43FBD94CE2DA} = {862FDAA8-1225-4CA0-AA2D-C8AB1E4DE42A}
		{5B5660F8-F315-4B1F-AFFE-8BDBDA96293C} = {862FDAA8-1225-4CA0-AA2D-C8AB1E4DE42A}
		{A314DB45-D4E4-40FF-A011-0519430F2C17} = {8BBA817C-4D57-4BBB-9779-F13B2A7FFC6C}
		{2A4D53F1-9A34-4C9C-9CAF-D93598199111} = {8BBA817C-4D57-4BBB-9779-F13B2A7FFC6C}
		{ACAF25FC-EC17-4712-96A4-97F05EFEA3D4} = {8BBA817C-4D57-4BBB-9779-F13B2A7FFC6C}
		{D7F24398-C494-43A7-AE3C-93D7D62B4AEA} = {8BBA817C-4D57-4BBB-9779-F13B2A7FFC6C}
		{D27534E0-1651-4D46-B600-066ED5972F2C} = {A5FDEB47-3566-48EE-841F-9CE29E9C3AD7}
		{94E6EF01-19C0-4A5C-AEC4-5325C675F3CF} = {A5FDEB47-3566-48EE-841F-9CE29E9C3AD7}
		{EC58D216-ECCB-42E5-96B2-0AF91A625EEA} = {A5FDEB47-3566-48EE-841F-9CE29E9C3AD7}
		{438759A2-1504-4DF9-BDEA-9E5F704051D8} = {A5FDEB47-3566-48EE-841F-9CE29E9C3AD7}
		{588B6C3F-04D4-4E43-A1D6-98ECE0D04BB5} = {A5FDEB47-3566-48EE-841F-9CE29E9C3AD7}
		{156EB29D-58C4-4BEA-8A76-B3B66CEB6339} = {A5FDEB47-3566-48EE-841F-9CE29E9C3AD7}
		{F105B71B-D271-4163-9F1E-E2F741EBD880} = {A5FDEB47-3566-48EE-841F-9CE29E9C3AD7}
		{C55EAFD7-7D8C-49C6-B71A-2133901FE31D} = {A5FDEB47-3566-48EE-841F-9CE29E9C3AD7}
		{6CC13A4E-51D9-4618-999A-934CBE60BBF0} = {7760E916-4AAF-4B59-9BC5-16427EF190CC}
		{DB9220E3-EB4D-4963-81E6-EDD0006933A2} = {7760E916-4AAF-4B59-9BC5-16427EF190CC}
		{6BD77048-8FD9-44B4-A7F3-9EE609944F45} = {767278C6-EF6A-4E21-9538-F432421140E3}
		{C2ECA5DF-B388-4B6F-9A0A-EC89D879810C} = {767278C6-EF6A-4E21-9538-F432421140E3}
		{773F268A-AA47-4051-84F0-0062DFCE7B0F} = {767278C6-EF6A-4E21-9538-F432421140E3}
		{F3AD522A-7106-4C92-B45C-DE8C60414C79} = {767278C6-EF6A-4E21-9538-F432421140E3}
		{5EFA3FF1-2036-49F2-8CE6-42C558E2A954} = {862FDAA8-1225-4CA0-AA2D-C8AB1E4DE42A}
		{DCA8582F-7BD8-4907-B309-6475EF9B4258} = {862FDAA8-1225-4CA0-AA2D-C8AB1E4DE42A}
		{62685969-05FE-4AE2-B57E-590000BC8253} = {862FDAA8-1225-4CA0-AA2D-C8AB1E4DE42A}
		{2C6AE9F9-C4F1-40F1-911C-54FEF3E1B1ED} = {862FDAA8-1225-4CA0-AA2D-C8AB1E4DE42A}
		{9A3555B4-A460-4A0C-B909-8E08F0496401} = {13E51794-089E-4008-A49C-55A93BC29F8A}
		{C25C127C-23F4-4330-B49D-4D2AB9E7D477} = {13E51794-089E-4008-A49C-55A93BC29F8A}
		{7B61CEB5-C808-4993-A967-2BCE63827794} = {13E51794-089E-4008-A49C-55A93BC29F8A}
		{FBB7BBBA-5AF8-46B2-B2BC-8A002AD10C66} = {13E51794-089E-4008-A49C-55A93BC29F8A}
		{4BABB8DC-9EA4-45E8-A786-2C8E473C0E4E} = {13E51794-089E-4008-A49C-55A93BC29F8A}
		{759AE78A-9B24-4ADE-BF42-1319BB6FC070} = {13E51794-089E-4008-A49C-55A93BC29F8A}
		{DCB7A15C-38F0-493E-97A2-C90ABC95D391} = {13E51794-089E-4008-A49C-55A93BC29F8A}
		{5C804F34-D013-4802-9D75-8B6112506F02} = {13E51794-089E-4008-A49C-55A93BC29F8A}
		{54605F2A-3979-443B-94B6-B3B5CBB2AFD3} = {13E51794-089E-4008-A49C-55A93BC29F8A}
		{7D33F490-0FA2-40D6-8180-B1B0E5024E6E} = {13E51794-089E-4008-A49C-55A93BC29F8A}
		{68A9BBAB-C7A8-4199-B031-D6C27BAD1556} = {8C1A2568-5C6D-4770-B04E-3B332D1815C5}
		{A8D8D62D-0AE7-4279-9CF0-C6C589C07961} = {8C1A2568-5C6D-4770-B04E-3B332D1815C5}
		{9080A7EF-C194-4C82-BEAE-75BD57797A6D} = {8C1A2568-5C6D-4770-B04E-3B332D1815C5}
		{95732524-A965-4882-BE10-5C29DBE257B2} = {8C1A2568-5C6D-4770-B04E-3B332D1815C5}
		{D67FB10B-8544-4781-B294-0E6BD92F71CC} = {8C1A2568-5C6D-4770-B04E-3B332D1815C5}
		{70399049-C20E-4628-9025-5484B13251EA} = {8C1A2568-5C6D-4770-B04E-3B332D1815C5}
		{EAF3708F-1EA1-45F7-928F-59996A3A8748} = {8C1A2568-5C6D-4770-B04E-3B332D1815C5}
		{3DD251EA-04A4-45E7-BB8E-C4671D7E01D7} = {A5FDEB47-3566-48EE-841F-9CE29E9C3AD7}
		{4091AFF2-F324-4017-A17C-FDBAF4E2074C} = {2F9013F3-EF09-4305-8A78-BDF00DE76AA5}
		{5174F550-16BF-4304-A700-9D75C0585EFC} = {2F9013F3-EF09-4305-8A78-BDF00DE76AA5}
		{81A0CFCF-AD48-4747-A901-4E8908174CA8} = {2F9013F3-EF09-4305-8A78-BDF00DE76AA5}
		{24DACFAA-6DA1-4634-87F0-749B75A73C6E} = {2F9013F3-EF09-4305-8A78-BDF00DE76AA5}
		{CF613D2B-F0FB-4B61-8A7C-FB5F0BD73688} = {2F9013F3-EF09-4305-8A78-BDF00DE76AA5}
		{F727A3BD-2EAC-42E5-B146-FE08FC2FADD0} = {2F9013F3-EF09-4305-8A78-BDF00DE76AA5}
		{F26F9404-9D31-43AF-89DE-B7AFD6BEF76E} = {2F9013F3-EF09-4305-8A78-BDF00DE76AA5}
		{CE29D61B-FD4B-4C63-8089-D59AA0C2E8D5} = {2F9013F3-EF09-4305-8A78-BDF00DE76AA5}
		{C23853D2-FB46-4493-A4E2-0D4F0201B8F4} = {2F9013F3-EF09-4305-8A78-BDF00DE76AA5}
		{5A7FDA6C-7B05-4149-93E9-456AFED31DD4} = {2F9013F3-EF09-4305-8A78-BDF00DE76AA5}
		{FE5DAF60-394F-42CC-8265-4488F449B41E} = {2F9013F3-EF09-4305-8A78-BDF00DE76AA5}
		{522F42DB-09DF-4B1B-AD74-DD1090B53C88} = {6DC0792A-3ED7-497A-9412-CB1767DBDECD}
		{05AA16EA-12A2-452F-ABED-969451E0658B} = {6DC0792A-3ED7-497A-9412-CB1767DBDECD}
		{64D84EE1-C31B-4FFF-B5FC-A33D701CB6CD} = {6DC0792A-3ED7-497A-9412-CB1767DBDECD}
		{2864D788-6092-4EF5-89EC-AA369F598471} = {6DC0792A-3ED7-497A-9412-CB1767DBDECD}
		{BD640F63-D6D6-4056-9DD5-C91777F64312} = {6DC0792A-3ED7-497A-9412-CB1767DBDECD}
		{54EB3A20-8C42-4724-A7A5-CA0998BAC11E} = {6DC0792A-3ED7-497A-9412-CB1767DBDECD}
		{517F0CD0-234A-451D-A792-E05AD4AA87E7} = {6DC0792A-3ED7-497A-9412-CB1767DBDECD}
		{062C6D5F-3D6A-4D82-B3D6-D23E0BB052B8} = {A9497730-6967-433F-9373-A6081DCF51D9}
		{1A175FC8-AF10-4525-BA0D-5A992CF162D2} = {A9497730-6967-433F-9373-A6081DCF51D9}
		{80360718-64C1-4649-9D77-0F6906D0A3E6} = {A9497730-6967-433F-9373-A6081DCF51D9}
		{0D5D56F6-A033-4B0E-97CC-E21132CF709F} = {A9497730-6967-433F-9373-A6081DCF51D9}
		{D6D0312C-72CD-48B7-B541-4B0F9E7C5B49} = {A9497730-6967-433F-9373-A6081DCF51D9}
		{BDB6383B-99D2-456B-9515-FA910C00408C} = {0151860C-C070-43AF-ABD5-E16B1FFE09A4}
		{F4837CDA-7EFC-4C61-8736-2AAEBCF27523} = {0151860C-C070-43AF-ABD5-E16B1FFE09A4}
		{C5DC7B88-A151-484A-BD44-DF2207A1F626} = {0151860C-C070-43AF-ABD5-E16B1FFE09A4}
		{4CA46B90-2082-4B4D-B757-F002AB467C2B} = {0151860C-C070-43AF-ABD5-E16B1FFE09A4}
	EndGlobalSection
EndGlobal
